
Microsoft Visual Studio Solution File, Format Version 12.00
# Visual Studio Version 16
VisualStudioVersion = 16.0.32126.315
MinimumVisualStudioVersion = 10.0.40219.1
Project("{2150E333-8FDC-42A3-9474-1A3956D46DE8}") = "CoreModule", "CoreModule", "{B03FCB4E-862E-4493-88A9-BA2EEB6B6EFF}"
EndProject
Project("{2150E333-8FDC-42A3-9474-1A3956D46DE8}") = "ApplicationModule", "ApplicationModule", "{EBD7E94B-678D-4DAA-BF83-374545E56CCA}"
EndProject
Project("{FAE04EC0-301F-11D3-BF4B-00C04F79EFBC}") = "Azolution.Core.Service", "Azolution.Core.Service\Azolution.Core.Service.csproj", "{772A2868-A535-4210-AA38-9110A0576780}"
EndProject
Project("{FAE04EC0-301F-11D3-BF4B-00C04F79EFBC}") = "Azolution.Core.DataService", "Azolution.Core.DataService\Azolution.Core.DataService.csproj", "{08833791-B93A-43F9-87A9-5A53D6B2B866}"
EndProject
Project("{2150E333-8FDC-42A3-9474-1A3956D46DE8}") = "HumanResource", "HumanResource", "{E7A17B52-1FFA-4F46-BC2C-05EB53C4E5C7}"
EndProject
Project("{FAE04EC0-301F-11D3-BF4B-00C04F79EFBC}") = "Azolution.HumanResource.Service", "Azolution.HumanResource.Service\Azolution.HumanResource.Service.csproj", "{7DD74C60-C5EA-447D-81DA-343F3DF8D958}"
EndProject
Project("{FAE04EC0-301F-11D3-BF4B-00C04F79EFBC}") = "Azolution.HumanResource.DataService", "Azolution.HumanResource.DataService\Azolution.HumanResource.DataService.csproj", "{3795EF51-19CE-4E46-B4CD-30B13DFE0B4C}"
EndProject
Project("{2150E333-8FDC-42A3-9474-1A3956D46DE8}") = "Login", "Login", "{30264FD2-CEBA-4884-9C64-3939509B19E9}"
EndProject
Project("{FAE04EC0-301F-11D3-BF4B-00C04F79EFBC}") = "Azolution.Login.Service", "Azolution.Login.Service\Azolution.Login.Service.csproj", "{AA1BA81B-28A7-499D-8CCF-BB5E2D5E1BE8}"
EndProject
Project("{2150E333-8FDC-42A3-9474-1A3956D46DE8}") = "Dashboard", "Dashboard", "{82F10620-9653-4A1F-809A-482A275D3376}"
EndProject
Project("{FAE04EC0-301F-11D3-BF4B-00C04F79EFBC}") = "Azolution.Dashboard.Service", "Dashboard\Azolution.Dashboard.Service.csproj", "{D269EBCD-2DC6-477C-84A3-CA4104A3AA45}"
EndProject
Project("{2150E333-8FDC-42A3-9474-1A3956D46DE8}") = "Reports", "Reports", "{D3957568-1501-458B-B5B9-1A519C817EF4}"
EndProject
Project("{FAE04EC0-301F-11D3-BF4B-00C04F79EFBC}") = "Azolution.Reports.DataService", "Azolution.Reports.DataService\Azolution.Reports.DataService.csproj", "{FD9A1B9D-CB9E-4A4C-A942-EF3F61824833}"
EndProject
Project("{FAE04EC0-301F-11D3-BF4B-00C04F79EFBC}") = "Azolution.Reports.Service", "Azolution.Reports.Service\Azolution.Reports.Service.csproj", "{7C3436B0-92C9-485D-B2EE-A7F1922E9256}"
EndProject
Project("{2150E333-8FDC-42A3-9474-1A3956D46DE8}") = "Entities", "Entities", "{AA0E8304-4BED-4037-BDE2-9B12643B03D1}"
EndProject
Project("{FAE04EC0-301F-11D3-BF4B-00C04F79EFBC}") = "Azolution.Entities", "Azolution.Entities\Azolution.Entities.csproj", "{AD1A0FFF-AF60-4056-ABA5-F5F7E712E34E}"
EndProject
Project("{FAE04EC0-301F-11D3-BF4B-00C04F79EFBC}") = "LAPS", "LAPS\LAPS.csproj", "{EE9D8811-5207-481A-9244-B0108CB921B0}"
EndProject
Project("{2150E333-8FDC-42A3-9474-1A3956D46DE8}") = "BulkUpload", "BulkUpload", "{EC9A3FFF-B174-464E-84CA-EA3215DF0C8D}"
EndProject
Project("{FAE04EC0-301F-11D3-BF4B-00C04F79EFBC}") = "Azolution.BulkUploadDataService", "Azolution.BulkUploadDataService\Azolution.BulkUploadDataService.csproj", "{E847643E-9069-4C40-9C82-87D0DE69B781}"
EndProject
Project("{FAE04EC0-301F-11D3-BF4B-00C04F79EFBC}") = "Azolution.BulkUploadService", "Azolution.BulkUploadService\Azolution.BulkUploadService.csproj", "{D75BB9DD-1210-47B0-BEB6-25AAADD716C5}"
EndProject
Project("{FAE04EC0-301F-11D3-BF4B-00C04F79EFBC}") = "AuditTrail", "AuditTrail\AuditTrail.csproj", "{C7543AD0-6ED8-4871-B7CB-DAFE634B0356}"
EndProject
Project("{2150E333-8FDC-42A3-9474-1A3956D46DE8}") = "SolaricDLL", "SolaricDLL", "{3B2F3179-685B-495F-8ED5-824E9F435E27}"
EndProject
Project("{FAE04EC0-301F-11D3-BF4B-00C04F79EFBC}") = "Solaric.GenerateCode", "Solaric.GenerateCode\Solaric.GenerateCode.csproj", "{7AC860D4-6F9D-4158-97BE-0AC4FAF9FA13}"
EndProject
Project("{2150E333-8FDC-42A3-9474-1A3956D46DE8}") = "Product", "Product", "{234F6AF7-4E72-4E22-8C22-F56F9DE30C04}"
EndProject
Project("{2150E333-8FDC-42A3-9474-1A3956D46DE8}") = "CustomerSettings", "CustomerSettings", "{CA76B262-FB28-41AF-BC7D-6EB1ECCB5E45}"
EndProject
Project("{FAE04EC0-301F-11D3-BF4B-00C04F79EFBC}") = "Laps.Customer.Service", "Laps.Customer.Service\Laps.Customer.Service.csproj", "{4594D63D-7AC2-4580-BE0F-334F4CFFC7D6}"
EndProject
Project("{FAE04EC0-301F-11D3-BF4B-00C04F79EFBC}") = "DataService", "Laps.Customer.DataService\DataService.csproj", "{BFB82B90-6FEC-4C86-81B2-59DFA64B982D}"
EndProject
Project("{FAE04EC0-301F-11D3-BF4B-00C04F79EFBC}") = "Laps.Product.Service", "Laps.Product.Service\Laps.Product.Service.csproj", "{424996D1-1660-43FA-8128-D9A927FA148F}"
EndProject
Project("{FAE04EC0-301F-11D3-BF4B-00C04F79EFBC}") = "Laps.Product.DataService", "Laps.Product.DataService\Laps.Product.DataService.csproj", "{8ADC11AC-45D4-4485-8320-9380748D07EA}"
EndProject
Project("{2150E333-8FDC-42A3-9474-1A3956D46DE8}") = "Stock", "Stock", "{683EBA2C-5406-4ED5-931A-3EDD84B062DF}"
EndProject
Project("{FAE04EC0-301F-11D3-BF4B-00C04F79EFBC}") = "Laps.Stock.DataService", "Laps.Stock.DataService\Laps.Stock.DataService.csproj", "{C80E2BFD-B1E4-47AD-AA1E-DCFA88470BC2}"
EndProject
Project("{FAE04EC0-301F-11D3-BF4B-00C04F79EFBC}") = "Laps.Stock.Service", "Laps.Stock.Service\Laps.Stock.Service.csproj", "{BA341973-BDC4-460E-BD5D-FF034A4883E3}"
EndProject
Project("{2150E333-8FDC-42A3-9474-1A3956D46DE8}") = "SaleRepresentative", "SaleRepresentative", "{9F73FB00-A7FE-4195-80E4-9925B339010E}"
EndProject
Project("{FAE04EC0-301F-11D3-BF4B-00C04F79EFBC}") = "Laps.SaleRepresentative.DataService", "Laps.SaleRepresentative.DataService\Laps.SaleRepresentative.DataService.csproj", "{B59BF0A3-253C-40E4-BAD6-B00564366BC3}"
EndProject
Project("{FAE04EC0-301F-11D3-BF4B-00C04F79EFBC}") = "Laps.SaleRepresentative.Service", "Laps.SaleRepresentative.Service\Laps.SaleRepresentative.Service.csproj", "{584395C7-5D68-4DFA-8531-C07925D77B96}"
EndProject
Project("{2150E333-8FDC-42A3-9474-1A3956D46DE8}") = "Sale", "Sale", "{1F74C9C7-4A7A-4424-BCFD-34DDC51CD1AB}"
EndProject
Project("{FAE04EC0-301F-11D3-BF4B-00C04F79EFBC}") = "Laps.Sale.Service", "Laps.Sale.SaleService\Laps.Sale.Service.csproj", "{5FA6F33B-56D6-4028-B91F-D792CAC82155}"
EndProject
Project("{FAE04EC0-301F-11D3-BF4B-00C04F79EFBC}") = "Laps.Sale.DataService", "Laps.Sale.SaleDataService\Laps.Sale.DataService.csproj", "{EFF9C45C-B8A6-4DEF-AC53-26EB2AD46007}"
EndProject
Project("{2150E333-8FDC-42A3-9474-1A3956D46DE8}") = "Collection", "Collection", "{851DF863-9E16-4DCB-8325-1B35366886D3}"
EndProject
Project("{FAE04EC0-301F-11D3-BF4B-00C04F79EFBC}") = "Laps.Collection.Service", "Laps.Collection.CollectionService\Laps.Collection.Service.csproj", "{2CB3A947-4A69-4372-A631-533456A487F9}"
EndProject
Project("{FAE04EC0-301F-11D3-BF4B-00C04F79EFBC}") = "Laps.Collection.DataService", "Laps.Collection.CollectionDataService\Laps.Collection.DataService.csproj", "{910CC858-DD97-413C-8AC2-B2E4B9431B98}"
EndProject
Project("{2150E333-8FDC-42A3-9474-1A3956D46DE8}") = "AdminSettings", "AdminSettings", "{A40E8A59-7B05-45BC-9F7B-FCCF08B233D3}"
EndProject
Project("{FAE04EC0-301F-11D3-BF4B-00C04F79EFBC}") = "Laps.AdminSettings.DataService", "Laps.AdminSettings.DataService\Laps.AdminSettings.DataService.csproj", "{5BB17631-1DBD-471B-8A31-E3487D731FF1}"
EndProject
Project("{FAE04EC0-301F-11D3-BF4B-00C04F79EFBC}") = "Laps.AdminSettings.Service", "Laps.AdminSettings.Service\Laps.AdminSettings.Service.csproj", "{12B76452-8030-4041-A75C-38AB9D371A59}"
EndProject
Project("{FAE04EC0-301F-11D3-BF4B-00C04F79EFBC}") = "Azolution.Dashboard.DataService", "Azolution.Dashboard.DataService\Azolution.Dashboard.DataService.csproj", "{E20D1599-20CC-4EFB-B916-6EEDF7B1630E}"
EndProject
Project("{2150E333-8FDC-42A3-9474-1A3956D46DE8}") = "Replacement", "Replacement", "{3EB510BF-5A75-4D6D-831E-0F75E390CB13}"
EndProject
Project("{FAE04EC0-301F-11D3-BF4B-00C04F79EFBC}") = "Laps.Replacement.Service", "Laps.Replacement.Service\Laps.Replacement.Service.csproj", "{75FC58AB-2A0B-4D77-8E7D-B9B0AB9E3A88}"
EndProject
Project("{FAE04EC0-301F-11D3-BF4B-00C04F79EFBC}") = "Laps.Replacement.DataService", "Laps.Replacement.DataService\Laps.Replacement.DataService.csproj", "{73C3EC8F-FB9B-47BD-AC79-471FF630AD82}"
EndProject
Project("{FAE04EC0-301F-11D3-BF4B-00C04F79EFBC}") = "LapsUtility", "LapsUtility\LapsUtility.csproj", "{4DDB007F-0F4E-4CD8-9C72-AD70CE524C81}"
EndProject
Project("{FAE04EC0-301F-11D3-BF4B-00C04F79EFBC}") = "SmsService", "SmsService\SmsService.csproj", "{C806631B-4C44-4EFD-8391-32C47EE61FDF}"
EndProject
Project("{2150E333-8FDC-42A3-9474-1A3956D46DE8}") = "Report", "Report", "{D26A5876-6A75-407C-A750-464D2C3EA893}"
EndProject
Project("{FAE04EC0-301F-11D3-BF4B-00C04F79EFBC}") = "LapsReportService", "Report\LapsReportService.csproj", "{BB70579F-CF97-4D6A-9026-A68E9717AC3C}"
EndProject
Project("{FAE04EC0-301F-11D3-BF4B-00C04F79EFBC}") = "LapsReportDataService", "ReportDataService\LapsReportDataService.csproj", "{3622E42C-D6E8-4F79-A96B-FABDE0478143}"
EndProject
Project("{2150E333-8FDC-42A3-9474-1A3956D46DE8}") = "Mobile", "Mobile", "{49C78892-ADC3-4F29-BE91-DEBBC5540F7D}"
EndProject
Project("{FAE04EC0-301F-11D3-BF4B-00C04F79EFBC}") = "Laps.Mobile.DataService", "Laps.Mobile.DataService\Laps.Mobile.DataService.csproj", "{D029A9BA-78AC-45CD-A3B4-346CC5D1737D}"
EndProject
Project("{FAE04EC0-301F-11D3-BF4B-00C04F79EFBC}") = "Laps.Mobile.Service", "Laps.Mobile.Service\Laps.Mobile.Service.csproj", "{00A85FBD-0DAD-4A61-AA02-2EAED824B802}"
EndProject
Project("{2150E333-8FDC-42A3-9474-1A3956D46DE8}") = "Laptop", "Laptop", "{CC5A8C63-AEC1-4BF6-9349-FCA6C749401D}"
EndProject
Project("{FAE04EC0-301F-11D3-BF4B-00C04F79EFBC}") = "Laps.Laptop.DataService", "[Laps].Laptop.DataService\Laps.Laptop.DataService.csproj", "{745DD358-CDC7-4687-83F0-CA92C219F8AD}"
EndProject
Project("{FAE04EC0-301F-11D3-BF4B-00C04F79EFBC}") = "Laps.Laptop.Service", "[Laps].Laptop.Service\Laps.Laptop.Service.csproj", "{A0870DE9-3280-4730-90CE-5E2C1D2C3F3E}"
EndProject
Project("{2150E333-8FDC-42A3-9474-1A3956D46DE8}") = "Passengers", "Passengers", "{FBC3FC16-ADA6-4346-AC4E-2E42A9C043C2}"
EndProject
Project("{FAE04EC0-301F-11D3-BF4B-00C04F79EFBC}") = "Laps.Passengers.DataService", "Laps.Passengers.DataService\Laps.Passengers.DataService.csproj", "{6A3DB2AB-E0CF-448C-B40B-8156015AD2C8}"
EndProject
Project("{FAE04EC0-301F-11D3-BF4B-00C04F79EFBC}") = "Laps.Passengers.Service", "Laps.Passengers.Service\Laps.Passengers.Service.csproj", "{D2401F3A-7ECC-43A1-BE7E-8B0C9CA967A9}"
EndProject
Project("{2150E333-8FDC-42A3-9474-1A3956D46DE8}") = "BDStudents", "BDStudents", "{CF41F676-95AD-4568-A70B-155770BB63D6}"
EndProject
Project("{FAE04EC0-301F-11D3-BF4B-00C04F79EFBC}") = "Laps.Student.DataService", "Laps.Student.DataService\Laps.Student.DataService.csproj", "{C7D88481-09DA-42AB-B9A2-30663902F19B}"
EndProject
Project("{FAE04EC0-301F-11D3-BF4B-00C04F79EFBC}") = "Laps.Student.Service", "Laps.Student.Service\Laps.Student.Service.csproj", "{76D29AA0-2C0C-416C-88E9-62C3D40A9225}"
EndProject
Project("{2150E333-8FDC-42A3-9474-1A3956D46DE8}") = "Registrations", "Registrations", "{02B0B8BB-891D-4479-B590-641C5116AA1D}"
EndProject
Project("{FAE04EC0-301F-11D3-BF4B-00C04F79EFBC}") = "Laps.Registration.DataService", "Laps.Registration.DataService\Laps.Registration.DataService.csproj", "{90C2EA3B-2313-43AF-B1DF-9185F622ABA5}"
EndProject
Project("{FAE04EC0-301F-11D3-BF4B-00C04F79EFBC}") = "Laps.Registration.Service", "Laps.Registration.Service\Laps.Registration.Service.csproj", "{922AEFD0-3F2D-4D39-8571-B299D5D70B59}"
EndProject
Project("{2150E333-8FDC-42A3-9474-1A3956D46DE8}") = "Person", "Person", "{6EB4C5A5-7099-40F9-A602-01B096D67C42}"
EndProject
Project("{FAE04EC0-301F-11D3-BF4B-00C04F79EFBC}") = "Laps.Person.DataService", "Laps.Person.DataService\Laps.Person.DataService.csproj", "{8EC0B09B-8F8D-4AD5-942F-CA48A810D848}"
EndProject
Project("{FAE04EC0-301F-11D3-BF4B-00C04F79EFBC}") = "Laps.Person.Service", "Laps.Person.Service\Laps.Person.Service.csproj", "{1CABA647-A35A-4171-A2A9-99572848AE8C}"
EndProject
Project("{2150E333-8FDC-42A3-9474-1A3956D46DE8}") = "Employees", "Employees", "{8182BC8A-459F-4836-BF41-4ADF0F00E05C}"
EndProject
Project("{FAE04EC0-301F-11D3-BF4B-00C04F79EFBC}") = "Laps.Employees.DataService", "Laps.Employees.DataService\Laps.Employees.DataService.csproj", "{FD286E4E-9E89-47CC-B6B1-2E37AB9B12C5}"
EndProject
Project("{FAE04EC0-301F-11D3-BF4B-00C04F79EFBC}") = "Laps.Employees.Service", "Laps.Employees.Service\Laps.Employees.Service.csproj", "{3E734E6E-8DC7-4EF0-BB9B-CF2C375D37CC}"
EndProject
Global
	GlobalSection(SolutionConfigurationPlatforms) = preSolution
		AzolutionScanDebug|Any CPU = AzolutionScanDebug|Any CPU
		AzolutionScanDebug|x64 = AzolutionScanDebug|x64
		Debug|Any CPU = Debug|Any CPU
		Debug|x64 = Debug|x64
		Release|Any CPU = Release|Any CPU
		Release|x64 = Release|x64
	EndGlobalSection
	GlobalSection(ProjectConfigurationPlatforms) = postSolution
		{772A2868-A535-4210-AA38-9110A0576780}.AzolutionScanDebug|Any CPU.ActiveCfg = Debug|Any CPU
		{772A2868-A535-4210-AA38-9110A0576780}.AzolutionScanDebug|Any CPU.Build.0 = Debug|Any CPU
		{772A2868-A535-4210-AA38-9110A0576780}.AzolutionScanDebug|x64.ActiveCfg = Debug|x64
		{772A2868-A535-4210-AA38-9110A0576780}.AzolutionScanDebug|x64.Build.0 = Debug|x64
		{772A2868-A535-4210-AA38-9110A0576780}.Debug|Any CPU.ActiveCfg = Debug|Any CPU
		{772A2868-A535-4210-AA38-9110A0576780}.Debug|Any CPU.Build.0 = Debug|Any CPU
		{772A2868-A535-4210-AA38-9110A0576780}.Debug|x64.ActiveCfg = Debug|x64
		{772A2868-A535-4210-AA38-9110A0576780}.Debug|x64.Build.0 = Debug|x64
		{772A2868-A535-4210-AA38-9110A0576780}.Release|Any CPU.ActiveCfg = Release|Any CPU
		{772A2868-A535-4210-AA38-9110A0576780}.Release|Any CPU.Build.0 = Release|Any CPU
		{772A2868-A535-4210-AA38-9110A0576780}.Release|x64.ActiveCfg = Release|x64
		{772A2868-A535-4210-AA38-9110A0576780}.Release|x64.Build.0 = Release|x64
		{08833791-B93A-43F9-87A9-5A53D6B2B866}.AzolutionScanDebug|Any CPU.ActiveCfg = Debug|Any CPU
		{08833791-B93A-43F9-87A9-5A53D6B2B866}.AzolutionScanDebug|Any CPU.Build.0 = Debug|Any CPU
		{08833791-B93A-43F9-87A9-5A53D6B2B866}.AzolutionScanDebug|x64.ActiveCfg = Debug|x64
		{08833791-B93A-43F9-87A9-5A53D6B2B866}.AzolutionScanDebug|x64.Build.0 = Debug|x64
		{08833791-B93A-43F9-87A9-5A53D6B2B866}.Debug|Any CPU.ActiveCfg = Debug|Any CPU
		{08833791-B93A-43F9-87A9-5A53D6B2B866}.Debug|Any CPU.Build.0 = Debug|Any CPU
		{08833791-B93A-43F9-87A9-5A53D6B2B866}.Debug|x64.ActiveCfg = Debug|x64
		{08833791-B93A-43F9-87A9-5A53D6B2B866}.Debug|x64.Build.0 = Debug|x64
		{08833791-B93A-43F9-87A9-5A53D6B2B866}.Release|Any CPU.ActiveCfg = Release|Any CPU
		{08833791-B93A-43F9-87A9-5A53D6B2B866}.Release|Any CPU.Build.0 = Release|Any CPU
		{08833791-B93A-43F9-87A9-5A53D6B2B866}.Release|x64.ActiveCfg = Release|x64
		{08833791-B93A-43F9-87A9-5A53D6B2B866}.Release|x64.Build.0 = Release|x64
		{7DD74C60-C5EA-447D-81DA-343F3DF8D958}.AzolutionScanDebug|Any CPU.ActiveCfg = Debug|Any CPU
		{7DD74C60-C5EA-447D-81DA-343F3DF8D958}.AzolutionScanDebug|Any CPU.Build.0 = Debug|Any CPU
		{7DD74C60-C5EA-447D-81DA-343F3DF8D958}.AzolutionScanDebug|x64.ActiveCfg = Debug|x64
		{7DD74C60-C5EA-447D-81DA-343F3DF8D958}.AzolutionScanDebug|x64.Build.0 = Debug|x64
		{7DD74C60-C5EA-447D-81DA-343F3DF8D958}.Debug|Any CPU.ActiveCfg = Debug|Any CPU
		{7DD74C60-C5EA-447D-81DA-343F3DF8D958}.Debug|Any CPU.Build.0 = Debug|Any CPU
		{7DD74C60-C5EA-447D-81DA-343F3DF8D958}.Debug|x64.ActiveCfg = Debug|x64
		{7DD74C60-C5EA-447D-81DA-343F3DF8D958}.Debug|x64.Build.0 = Debug|x64
		{7DD74C60-C5EA-447D-81DA-343F3DF8D958}.Release|Any CPU.ActiveCfg = Release|Any CPU
		{7DD74C60-C5EA-447D-81DA-343F3DF8D958}.Release|Any CPU.Build.0 = Release|Any CPU
		{7DD74C60-C5EA-447D-81DA-343F3DF8D958}.Release|x64.ActiveCfg = Release|x64
		{7DD74C60-C5EA-447D-81DA-343F3DF8D958}.Release|x64.Build.0 = Release|x64
		{3795EF51-19CE-4E46-B4CD-30B13DFE0B4C}.AzolutionScanDebug|Any CPU.ActiveCfg = Debug|Any CPU
		{3795EF51-19CE-4E46-B4CD-30B13DFE0B4C}.AzolutionScanDebug|Any CPU.Build.0 = Debug|Any CPU
		{3795EF51-19CE-4E46-B4CD-30B13DFE0B4C}.AzolutionScanDebug|x64.ActiveCfg = Debug|x64
		{3795EF51-19CE-4E46-B4CD-30B13DFE0B4C}.AzolutionScanDebug|x64.Build.0 = Debug|x64
		{3795EF51-19CE-4E46-B4CD-30B13DFE0B4C}.Debug|Any CPU.ActiveCfg = Debug|Any CPU
		{3795EF51-19CE-4E46-B4CD-30B13DFE0B4C}.Debug|Any CPU.Build.0 = Debug|Any CPU
		{3795EF51-19CE-4E46-B4CD-30B13DFE0B4C}.Debug|x64.ActiveCfg = Debug|x64
		{3795EF51-19CE-4E46-B4CD-30B13DFE0B4C}.Debug|x64.Build.0 = Debug|x64
		{3795EF51-19CE-4E46-B4CD-30B13DFE0B4C}.Release|Any CPU.ActiveCfg = Release|Any CPU
		{3795EF51-19CE-4E46-B4CD-30B13DFE0B4C}.Release|Any CPU.Build.0 = Release|Any CPU
		{3795EF51-19CE-4E46-B4CD-30B13DFE0B4C}.Release|x64.ActiveCfg = Release|x64
		{3795EF51-19CE-4E46-B4CD-30B13DFE0B4C}.Release|x64.Build.0 = Release|x64
		{AA1BA81B-28A7-499D-8CCF-BB5E2D5E1BE8}.AzolutionScanDebug|Any CPU.ActiveCfg = Debug|Any CPU
		{AA1BA81B-28A7-499D-8CCF-BB5E2D5E1BE8}.AzolutionScanDebug|Any CPU.Build.0 = Debug|Any CPU
		{AA1BA81B-28A7-499D-8CCF-BB5E2D5E1BE8}.AzolutionScanDebug|x64.ActiveCfg = Debug|x64
		{AA1BA81B-28A7-499D-8CCF-BB5E2D5E1BE8}.AzolutionScanDebug|x64.Build.0 = Debug|x64
		{AA1BA81B-28A7-499D-8CCF-BB5E2D5E1BE8}.Debug|Any CPU.ActiveCfg = Debug|Any CPU
		{AA1BA81B-28A7-499D-8CCF-BB5E2D5E1BE8}.Debug|Any CPU.Build.0 = Debug|Any CPU
		{AA1BA81B-28A7-499D-8CCF-BB5E2D5E1BE8}.Debug|x64.ActiveCfg = Debug|x64
		{AA1BA81B-28A7-499D-8CCF-BB5E2D5E1BE8}.Debug|x64.Build.0 = Debug|x64
		{AA1BA81B-28A7-499D-8CCF-BB5E2D5E1BE8}.Release|Any CPU.ActiveCfg = Release|Any CPU
		{AA1BA81B-28A7-499D-8CCF-BB5E2D5E1BE8}.Release|Any CPU.Build.0 = Release|Any CPU
		{AA1BA81B-28A7-499D-8CCF-BB5E2D5E1BE8}.Release|x64.ActiveCfg = Release|x64
		{AA1BA81B-28A7-499D-8CCF-BB5E2D5E1BE8}.Release|x64.Build.0 = Release|x64
		{D269EBCD-2DC6-477C-84A3-CA4104A3AA45}.AzolutionScanDebug|Any CPU.ActiveCfg = Debug|Any CPU
		{D269EBCD-2DC6-477C-84A3-CA4104A3AA45}.AzolutionScanDebug|Any CPU.Build.0 = Debug|Any CPU
		{D269EBCD-2DC6-477C-84A3-CA4104A3AA45}.AzolutionScanDebug|x64.ActiveCfg = Debug|x64
		{D269EBCD-2DC6-477C-84A3-CA4104A3AA45}.AzolutionScanDebug|x64.Build.0 = Debug|x64
		{D269EBCD-2DC6-477C-84A3-CA4104A3AA45}.Debug|Any CPU.ActiveCfg = Debug|Any CPU
		{D269EBCD-2DC6-477C-84A3-CA4104A3AA45}.Debug|Any CPU.Build.0 = Debug|Any CPU
		{D269EBCD-2DC6-477C-84A3-CA4104A3AA45}.Debug|x64.ActiveCfg = Debug|x64
		{D269EBCD-2DC6-477C-84A3-CA4104A3AA45}.Debug|x64.Build.0 = Debug|x64
		{D269EBCD-2DC6-477C-84A3-CA4104A3AA45}.Release|Any CPU.ActiveCfg = Release|Any CPU
		{D269EBCD-2DC6-477C-84A3-CA4104A3AA45}.Release|Any CPU.Build.0 = Release|Any CPU
		{D269EBCD-2DC6-477C-84A3-CA4104A3AA45}.Release|x64.ActiveCfg = Release|x64
		{D269EBCD-2DC6-477C-84A3-CA4104A3AA45}.Release|x64.Build.0 = Release|x64
		{FD9A1B9D-CB9E-4A4C-A942-EF3F61824833}.AzolutionScanDebug|Any CPU.ActiveCfg = Debug|Any CPU
		{FD9A1B9D-CB9E-4A4C-A942-EF3F61824833}.AzolutionScanDebug|Any CPU.Build.0 = Debug|Any CPU
		{FD9A1B9D-CB9E-4A4C-A942-EF3F61824833}.AzolutionScanDebug|x64.ActiveCfg = Debug|x64
		{FD9A1B9D-CB9E-4A4C-A942-EF3F61824833}.AzolutionScanDebug|x64.Build.0 = Debug|x64
		{FD9A1B9D-CB9E-4A4C-A942-EF3F61824833}.Debug|Any CPU.ActiveCfg = Debug|Any CPU
		{FD9A1B9D-CB9E-4A4C-A942-EF3F61824833}.Debug|Any CPU.Build.0 = Debug|Any CPU
		{FD9A1B9D-CB9E-4A4C-A942-EF3F61824833}.Debug|x64.ActiveCfg = Debug|x64
		{FD9A1B9D-CB9E-4A4C-A942-EF3F61824833}.Debug|x64.Build.0 = Debug|x64
		{FD9A1B9D-CB9E-4A4C-A942-EF3F61824833}.Release|Any CPU.ActiveCfg = Release|Any CPU
		{FD9A1B9D-CB9E-4A4C-A942-EF3F61824833}.Release|Any CPU.Build.0 = Release|Any CPU
		{FD9A1B9D-CB9E-4A4C-A942-EF3F61824833}.Release|x64.ActiveCfg = Release|x64
		{FD9A1B9D-CB9E-4A4C-A942-EF3F61824833}.Release|x64.Build.0 = Release|x64
		{7C3436B0-92C9-485D-B2EE-A7F1922E9256}.AzolutionScanDebug|Any CPU.ActiveCfg = Debug|Any CPU
		{7C3436B0-92C9-485D-B2EE-A7F1922E9256}.AzolutionScanDebug|Any CPU.Build.0 = Debug|Any CPU
		{7C3436B0-92C9-485D-B2EE-A7F1922E9256}.AzolutionScanDebug|x64.ActiveCfg = Debug|x64
		{7C3436B0-92C9-485D-B2EE-A7F1922E9256}.AzolutionScanDebug|x64.Build.0 = Debug|x64
		{7C3436B0-92C9-485D-B2EE-A7F1922E9256}.Debug|Any CPU.ActiveCfg = Debug|Any CPU
		{7C3436B0-92C9-485D-B2EE-A7F1922E9256}.Debug|Any CPU.Build.0 = Debug|Any CPU
		{7C3436B0-92C9-485D-B2EE-A7F1922E9256}.Debug|x64.ActiveCfg = Debug|x64
		{7C3436B0-92C9-485D-B2EE-A7F1922E9256}.Debug|x64.Build.0 = Debug|x64
		{7C3436B0-92C9-485D-B2EE-A7F1922E9256}.Release|Any CPU.ActiveCfg = Release|Any CPU
		{7C3436B0-92C9-485D-B2EE-A7F1922E9256}.Release|Any CPU.Build.0 = Release|Any CPU
		{7C3436B0-92C9-485D-B2EE-A7F1922E9256}.Release|x64.ActiveCfg = Release|x64
		{7C3436B0-92C9-485D-B2EE-A7F1922E9256}.Release|x64.Build.0 = Release|x64
		{AD1A0FFF-AF60-4056-ABA5-F5F7E712E34E}.AzolutionScanDebug|Any CPU.ActiveCfg = Debug|Any CPU
		{AD1A0FFF-AF60-4056-ABA5-F5F7E712E34E}.AzolutionScanDebug|Any CPU.Build.0 = Debug|Any CPU
		{AD1A0FFF-AF60-4056-ABA5-F5F7E712E34E}.AzolutionScanDebug|x64.ActiveCfg = Debug|x64
		{AD1A0FFF-AF60-4056-ABA5-F5F7E712E34E}.AzolutionScanDebug|x64.Build.0 = Debug|x64
		{AD1A0FFF-AF60-4056-ABA5-F5F7E712E34E}.Debug|Any CPU.ActiveCfg = Debug|Any CPU
		{AD1A0FFF-AF60-4056-ABA5-F5F7E712E34E}.Debug|Any CPU.Build.0 = Debug|Any CPU
		{AD1A0FFF-AF60-4056-ABA5-F5F7E712E34E}.Debug|x64.ActiveCfg = Debug|x64
		{AD1A0FFF-AF60-4056-ABA5-F5F7E712E34E}.Debug|x64.Build.0 = Debug|x64
		{AD1A0FFF-AF60-4056-ABA5-F5F7E712E34E}.Release|Any CPU.ActiveCfg = Release|Any CPU
		{AD1A0FFF-AF60-4056-ABA5-F5F7E712E34E}.Release|Any CPU.Build.0 = Release|Any CPU
		{AD1A0FFF-AF60-4056-ABA5-F5F7E712E34E}.Release|x64.ActiveCfg = Release|x64
		{AD1A0FFF-AF60-4056-ABA5-F5F7E712E34E}.Release|x64.Build.0 = Release|x64
		{EE9D8811-5207-481A-9244-B0108CB921B0}.AzolutionScanDebug|Any CPU.ActiveCfg = Debug|Any CPU
		{EE9D8811-5207-481A-9244-B0108CB921B0}.AzolutionScanDebug|Any CPU.Build.0 = Debug|Any CPU
		{EE9D8811-5207-481A-9244-B0108CB921B0}.AzolutionScanDebug|x64.ActiveCfg = Debug|x64
		{EE9D8811-5207-481A-9244-B0108CB921B0}.AzolutionScanDebug|x64.Build.0 = Debug|x64
		{EE9D8811-5207-481A-9244-B0108CB921B0}.Debug|Any CPU.ActiveCfg = Debug|Any CPU
		{EE9D8811-5207-481A-9244-B0108CB921B0}.Debug|Any CPU.Build.0 = Debug|Any CPU
		{EE9D8811-5207-481A-9244-B0108CB921B0}.Debug|x64.ActiveCfg = Debug|x64
		{EE9D8811-5207-481A-9244-B0108CB921B0}.Debug|x64.Build.0 = Debug|x64
		{EE9D8811-5207-481A-9244-B0108CB921B0}.Release|Any CPU.ActiveCfg = Release|Any CPU
		{EE9D8811-5207-481A-9244-B0108CB921B0}.Release|Any CPU.Build.0 = Release|Any CPU
		{EE9D8811-5207-481A-9244-B0108CB921B0}.Release|x64.ActiveCfg = Release|x64
		{EE9D8811-5207-481A-9244-B0108CB921B0}.Release|x64.Build.0 = Release|x64
		{E847643E-9069-4C40-9C82-87D0DE69B781}.AzolutionScanDebug|Any CPU.ActiveCfg = Debug|Any CPU
		{E847643E-9069-4C40-9C82-87D0DE69B781}.AzolutionScanDebug|Any CPU.Build.0 = Debug|Any CPU
		{E847643E-9069-4C40-9C82-87D0DE69B781}.AzolutionScanDebug|x64.ActiveCfg = Debug|x64
		{E847643E-9069-4C40-9C82-87D0DE69B781}.AzolutionScanDebug|x64.Build.0 = Debug|x64
		{E847643E-9069-4C40-9C82-87D0DE69B781}.Debug|Any CPU.ActiveCfg = Debug|Any CPU
		{E847643E-9069-4C40-9C82-87D0DE69B781}.Debug|Any CPU.Build.0 = Debug|Any CPU
		{E847643E-9069-4C40-9C82-87D0DE69B781}.Debug|x64.ActiveCfg = Debug|x64
		{E847643E-9069-4C40-9C82-87D0DE69B781}.Debug|x64.Build.0 = Debug|x64
		{E847643E-9069-4C40-9C82-87D0DE69B781}.Release|Any CPU.ActiveCfg = Release|Any CPU
		{E847643E-9069-4C40-9C82-87D0DE69B781}.Release|Any CPU.Build.0 = Release|Any CPU
		{E847643E-9069-4C40-9C82-87D0DE69B781}.Release|x64.ActiveCfg = Release|x64
		{E847643E-9069-4C40-9C82-87D0DE69B781}.Release|x64.Build.0 = Release|x64
		{D75BB9DD-1210-47B0-BEB6-25AAADD716C5}.AzolutionScanDebug|Any CPU.ActiveCfg = Debug|Any CPU
		{D75BB9DD-1210-47B0-BEB6-25AAADD716C5}.AzolutionScanDebug|Any CPU.Build.0 = Debug|Any CPU
		{D75BB9DD-1210-47B0-BEB6-25AAADD716C5}.AzolutionScanDebug|x64.ActiveCfg = Debug|x64
		{D75BB9DD-1210-47B0-BEB6-25AAADD716C5}.AzolutionScanDebug|x64.Build.0 = Debug|x64
		{D75BB9DD-1210-47B0-BEB6-25AAADD716C5}.Debug|Any CPU.ActiveCfg = Debug|Any CPU
		{D75BB9DD-1210-47B0-BEB6-25AAADD716C5}.Debug|Any CPU.Build.0 = Debug|Any CPU
		{D75BB9DD-1210-47B0-BEB6-25AAADD716C5}.Debug|x64.ActiveCfg = Debug|x64
		{D75BB9DD-1210-47B0-BEB6-25AAADD716C5}.Debug|x64.Build.0 = Debug|x64
		{D75BB9DD-1210-47B0-BEB6-25AAADD716C5}.Release|Any CPU.ActiveCfg = Release|Any CPU
		{D75BB9DD-1210-47B0-BEB6-25AAADD716C5}.Release|Any CPU.Build.0 = Release|Any CPU
		{D75BB9DD-1210-47B0-BEB6-25AAADD716C5}.Release|x64.ActiveCfg = Release|x64
		{D75BB9DD-1210-47B0-BEB6-25AAADD716C5}.Release|x64.Build.0 = Release|x64
		{C7543AD0-6ED8-4871-B7CB-DAFE634B0356}.AzolutionScanDebug|Any CPU.ActiveCfg = Debug|Any CPU
		{C7543AD0-6ED8-4871-B7CB-DAFE634B0356}.AzolutionScanDebug|Any CPU.Build.0 = Debug|Any CPU
		{C7543AD0-6ED8-4871-B7CB-DAFE634B0356}.AzolutionScanDebug|x64.ActiveCfg = Debug|x64
		{C7543AD0-6ED8-4871-B7CB-DAFE634B0356}.AzolutionScanDebug|x64.Build.0 = Debug|x64
		{C7543AD0-6ED8-4871-B7CB-DAFE634B0356}.Debug|Any CPU.ActiveCfg = Debug|Any CPU
		{C7543AD0-6ED8-4871-B7CB-DAFE634B0356}.Debug|Any CPU.Build.0 = Debug|Any CPU
		{C7543AD0-6ED8-4871-B7CB-DAFE634B0356}.Debug|x64.ActiveCfg = Debug|x64
		{C7543AD0-6ED8-4871-B7CB-DAFE634B0356}.Debug|x64.Build.0 = Debug|x64
		{C7543AD0-6ED8-4871-B7CB-DAFE634B0356}.Release|Any CPU.ActiveCfg = Release|Any CPU
		{C7543AD0-6ED8-4871-B7CB-DAFE634B0356}.Release|Any CPU.Build.0 = Release|Any CPU
		{C7543AD0-6ED8-4871-B7CB-DAFE634B0356}.Release|x64.ActiveCfg = Release|x64
		{C7543AD0-6ED8-4871-B7CB-DAFE634B0356}.Release|x64.Build.0 = Release|x64
		{7AC860D4-6F9D-4158-97BE-0AC4FAF9FA13}.AzolutionScanDebug|Any CPU.ActiveCfg = Debug|Any CPU
		{7AC860D4-6F9D-4158-97BE-0AC4FAF9FA13}.AzolutionScanDebug|Any CPU.Build.0 = Debug|Any CPU
		{7AC860D4-6F9D-4158-97BE-0AC4FAF9FA13}.AzolutionScanDebug|x64.ActiveCfg = Debug|x64
		{7AC860D4-6F9D-4158-97BE-0AC4FAF9FA13}.AzolutionScanDebug|x64.Build.0 = Debug|x64
		{7AC860D4-6F9D-4158-97BE-0AC4FAF9FA13}.Debug|Any CPU.ActiveCfg = Debug|Any CPU
		{7AC860D4-6F9D-4158-97BE-0AC4FAF9FA13}.Debug|Any CPU.Build.0 = Debug|Any CPU
		{7AC860D4-6F9D-4158-97BE-0AC4FAF9FA13}.Debug|x64.ActiveCfg = Debug|x64
		{7AC860D4-6F9D-4158-97BE-0AC4FAF9FA13}.Debug|x64.Build.0 = Debug|x64
		{7AC860D4-6F9D-4158-97BE-0AC4FAF9FA13}.Release|Any CPU.ActiveCfg = Release|Any CPU
		{7AC860D4-6F9D-4158-97BE-0AC4FAF9FA13}.Release|Any CPU.Build.0 = Release|Any CPU
		{7AC860D4-6F9D-4158-97BE-0AC4FAF9FA13}.Release|x64.ActiveCfg = Release|x64
		{7AC860D4-6F9D-4158-97BE-0AC4FAF9FA13}.Release|x64.Build.0 = Release|x64
		{4594D63D-7AC2-4580-BE0F-334F4CFFC7D6}.AzolutionScanDebug|Any CPU.ActiveCfg = Debug|Any CPU
		{4594D63D-7AC2-4580-BE0F-334F4CFFC7D6}.AzolutionScanDebug|Any CPU.Build.0 = Debug|Any CPU
		{4594D63D-7AC2-4580-BE0F-334F4CFFC7D6}.AzolutionScanDebug|x64.ActiveCfg = Debug|x64
		{4594D63D-7AC2-4580-BE0F-334F4CFFC7D6}.AzolutionScanDebug|x64.Build.0 = Debug|x64
		{4594D63D-7AC2-4580-BE0F-334F4CFFC7D6}.Debug|Any CPU.ActiveCfg = Debug|Any CPU
		{4594D63D-7AC2-4580-BE0F-334F4CFFC7D6}.Debug|Any CPU.Build.0 = Debug|Any CPU
		{4594D63D-7AC2-4580-BE0F-334F4CFFC7D6}.Debug|x64.ActiveCfg = Debug|x64
		{4594D63D-7AC2-4580-BE0F-334F4CFFC7D6}.Debug|x64.Build.0 = Debug|x64
		{4594D63D-7AC2-4580-BE0F-334F4CFFC7D6}.Release|Any CPU.ActiveCfg = Release|Any CPU
		{4594D63D-7AC2-4580-BE0F-334F4CFFC7D6}.Release|Any CPU.Build.0 = Release|Any CPU
		{4594D63D-7AC2-4580-BE0F-334F4CFFC7D6}.Release|x64.ActiveCfg = Release|x64
		{4594D63D-7AC2-4580-BE0F-334F4CFFC7D6}.Release|x64.Build.0 = Release|x64
		{BFB82B90-6FEC-4C86-81B2-59DFA64B982D}.AzolutionScanDebug|Any CPU.ActiveCfg = Debug|Any CPU
		{BFB82B90-6FEC-4C86-81B2-59DFA64B982D}.AzolutionScanDebug|Any CPU.Build.0 = Debug|Any CPU
		{BFB82B90-6FEC-4C86-81B2-59DFA64B982D}.AzolutionScanDebug|x64.ActiveCfg = Debug|x64
		{BFB82B90-6FEC-4C86-81B2-59DFA64B982D}.AzolutionScanDebug|x64.Build.0 = Debug|x64
		{BFB82B90-6FEC-4C86-81B2-59DFA64B982D}.Debug|Any CPU.ActiveCfg = Debug|Any CPU
		{BFB82B90-6FEC-4C86-81B2-59DFA64B982D}.Debug|Any CPU.Build.0 = Debug|Any CPU
		{BFB82B90-6FEC-4C86-81B2-59DFA64B982D}.Debug|x64.ActiveCfg = Debug|x64
		{BFB82B90-6FEC-4C86-81B2-59DFA64B982D}.Debug|x64.Build.0 = Debug|x64
		{BFB82B90-6FEC-4C86-81B2-59DFA64B982D}.Release|Any CPU.ActiveCfg = Release|Any CPU
		{BFB82B90-6FEC-4C86-81B2-59DFA64B982D}.Release|Any CPU.Build.0 = Release|Any CPU
		{BFB82B90-6FEC-4C86-81B2-59DFA64B982D}.Release|x64.ActiveCfg = Release|x64
		{BFB82B90-6FEC-4C86-81B2-59DFA64B982D}.Release|x64.Build.0 = Release|x64
		{424996D1-1660-43FA-8128-D9A927FA148F}.AzolutionScanDebug|Any CPU.ActiveCfg = Debug|Any CPU
		{424996D1-1660-43FA-8128-D9A927FA148F}.AzolutionScanDebug|Any CPU.Build.0 = Debug|Any CPU
		{424996D1-1660-43FA-8128-D9A927FA148F}.AzolutionScanDebug|x64.ActiveCfg = Debug|x64
		{424996D1-1660-43FA-8128-D9A927FA148F}.AzolutionScanDebug|x64.Build.0 = Debug|x64
		{424996D1-1660-43FA-8128-D9A927FA148F}.Debug|Any CPU.ActiveCfg = Debug|Any CPU
		{424996D1-1660-43FA-8128-D9A927FA148F}.Debug|Any CPU.Build.0 = Debug|Any CPU
		{424996D1-1660-43FA-8128-D9A927FA148F}.Debug|x64.ActiveCfg = Debug|x64
		{424996D1-1660-43FA-8128-D9A927FA148F}.Debug|x64.Build.0 = Debug|x64
		{424996D1-1660-43FA-8128-D9A927FA148F}.Release|Any CPU.ActiveCfg = Release|Any CPU
		{424996D1-1660-43FA-8128-D9A927FA148F}.Release|Any CPU.Build.0 = Release|Any CPU
		{424996D1-1660-43FA-8128-D9A927FA148F}.Release|x64.ActiveCfg = Release|x64
		{424996D1-1660-43FA-8128-D9A927FA148F}.Release|x64.Build.0 = Release|x64
		{8ADC11AC-45D4-4485-8320-9380748D07EA}.AzolutionScanDebug|Any CPU.ActiveCfg = Debug|Any CPU
		{8ADC11AC-45D4-4485-8320-9380748D07EA}.AzolutionScanDebug|Any CPU.Build.0 = Debug|Any CPU
		{8ADC11AC-45D4-4485-8320-9380748D07EA}.AzolutionScanDebug|x64.ActiveCfg = Debug|x64
		{8ADC11AC-45D4-4485-8320-9380748D07EA}.AzolutionScanDebug|x64.Build.0 = Debug|x64
		{8ADC11AC-45D4-4485-8320-9380748D07EA}.Debug|Any CPU.ActiveCfg = Debug|Any CPU
		{8ADC11AC-45D4-4485-8320-9380748D07EA}.Debug|Any CPU.Build.0 = Debug|Any CPU
		{8ADC11AC-45D4-4485-8320-9380748D07EA}.Debug|x64.ActiveCfg = Debug|x64
		{8ADC11AC-45D4-4485-8320-9380748D07EA}.Debug|x64.Build.0 = Debug|x64
		{8ADC11AC-45D4-4485-8320-9380748D07EA}.Release|Any CPU.ActiveCfg = Release|Any CPU
		{8ADC11AC-45D4-4485-8320-9380748D07EA}.Release|Any CPU.Build.0 = Release|Any CPU
		{8ADC11AC-45D4-4485-8320-9380748D07EA}.Release|x64.ActiveCfg = Release|x64
		{8ADC11AC-45D4-4485-8320-9380748D07EA}.Release|x64.Build.0 = Release|x64
		{C80E2BFD-B1E4-47AD-AA1E-DCFA88470BC2}.AzolutionScanDebug|Any CPU.ActiveCfg = Debug|Any CPU
		{C80E2BFD-B1E4-47AD-AA1E-DCFA88470BC2}.AzolutionScanDebug|Any CPU.Build.0 = Debug|Any CPU
		{C80E2BFD-B1E4-47AD-AA1E-DCFA88470BC2}.AzolutionScanDebug|x64.ActiveCfg = Debug|x64
		{C80E2BFD-B1E4-47AD-AA1E-DCFA88470BC2}.AzolutionScanDebug|x64.Build.0 = Debug|x64
		{C80E2BFD-B1E4-47AD-AA1E-DCFA88470BC2}.Debug|Any CPU.ActiveCfg = Debug|Any CPU
		{C80E2BFD-B1E4-47AD-AA1E-DCFA88470BC2}.Debug|Any CPU.Build.0 = Debug|Any CPU
		{C80E2BFD-B1E4-47AD-AA1E-DCFA88470BC2}.Debug|x64.ActiveCfg = Debug|x64
		{C80E2BFD-B1E4-47AD-AA1E-DCFA88470BC2}.Debug|x64.Build.0 = Debug|x64
		{C80E2BFD-B1E4-47AD-AA1E-DCFA88470BC2}.Release|Any CPU.ActiveCfg = Release|Any CPU
		{C80E2BFD-B1E4-47AD-AA1E-DCFA88470BC2}.Release|Any CPU.Build.0 = Release|Any CPU
		{C80E2BFD-B1E4-47AD-AA1E-DCFA88470BC2}.Release|x64.ActiveCfg = Release|x64
		{C80E2BFD-B1E4-47AD-AA1E-DCFA88470BC2}.Release|x64.Build.0 = Release|x64
		{BA341973-BDC4-460E-BD5D-FF034A4883E3}.AzolutionScanDebug|Any CPU.ActiveCfg = Debug|Any CPU
		{BA341973-BDC4-460E-BD5D-FF034A4883E3}.AzolutionScanDebug|Any CPU.Build.0 = Debug|Any CPU
		{BA341973-BDC4-460E-BD5D-FF034A4883E3}.AzolutionScanDebug|x64.ActiveCfg = Debug|x64
		{BA341973-BDC4-460E-BD5D-FF034A4883E3}.AzolutionScanDebug|x64.Build.0 = Debug|x64
		{BA341973-BDC4-460E-BD5D-FF034A4883E3}.Debug|Any CPU.ActiveCfg = Debug|Any CPU
		{BA341973-BDC4-460E-BD5D-FF034A4883E3}.Debug|Any CPU.Build.0 = Debug|Any CPU
		{BA341973-BDC4-460E-BD5D-FF034A4883E3}.Debug|x64.ActiveCfg = Debug|x64
		{BA341973-BDC4-460E-BD5D-FF034A4883E3}.Debug|x64.Build.0 = Debug|x64
		{BA341973-BDC4-460E-BD5D-FF034A4883E3}.Release|Any CPU.ActiveCfg = Release|Any CPU
		{BA341973-BDC4-460E-BD5D-FF034A4883E3}.Release|Any CPU.Build.0 = Release|Any CPU
		{BA341973-BDC4-460E-BD5D-FF034A4883E3}.Release|x64.ActiveCfg = Release|x64
		{BA341973-BDC4-460E-BD5D-FF034A4883E3}.Release|x64.Build.0 = Release|x64
		{B59BF0A3-253C-40E4-BAD6-B00564366BC3}.AzolutionScanDebug|Any CPU.ActiveCfg = Debug|Any CPU
		{B59BF0A3-253C-40E4-BAD6-B00564366BC3}.AzolutionScanDebug|Any CPU.Build.0 = Debug|Any CPU
		{B59BF0A3-253C-40E4-BAD6-B00564366BC3}.AzolutionScanDebug|x64.ActiveCfg = Debug|x64
		{B59BF0A3-253C-40E4-BAD6-B00564366BC3}.AzolutionScanDebug|x64.Build.0 = Debug|x64
		{B59BF0A3-253C-40E4-BAD6-B00564366BC3}.Debug|Any CPU.ActiveCfg = Debug|Any CPU
		{B59BF0A3-253C-40E4-BAD6-B00564366BC3}.Debug|Any CPU.Build.0 = Debug|Any CPU
		{B59BF0A3-253C-40E4-BAD6-B00564366BC3}.Debug|x64.ActiveCfg = Debug|x64
		{B59BF0A3-253C-40E4-BAD6-B00564366BC3}.Debug|x64.Build.0 = Debug|x64
		{B59BF0A3-253C-40E4-BAD6-B00564366BC3}.Release|Any CPU.ActiveCfg = Release|Any CPU
		{B59BF0A3-253C-40E4-BAD6-B00564366BC3}.Release|Any CPU.Build.0 = Release|Any CPU
		{B59BF0A3-253C-40E4-BAD6-B00564366BC3}.Release|x64.ActiveCfg = Release|x64
		{B59BF0A3-253C-40E4-BAD6-B00564366BC3}.Release|x64.Build.0 = Release|x64
		{584395C7-5D68-4DFA-8531-C07925D77B96}.AzolutionScanDebug|Any CPU.ActiveCfg = Debug|Any CPU
		{584395C7-5D68-4DFA-8531-C07925D77B96}.AzolutionScanDebug|Any CPU.Build.0 = Debug|Any CPU
		{584395C7-5D68-4DFA-8531-C07925D77B96}.AzolutionScanDebug|x64.ActiveCfg = Debug|x64
		{584395C7-5D68-4DFA-8531-C07925D77B96}.AzolutionScanDebug|x64.Build.0 = Debug|x64
		{584395C7-5D68-4DFA-8531-C07925D77B96}.Debug|Any CPU.ActiveCfg = Debug|Any CPU
		{584395C7-5D68-4DFA-8531-C07925D77B96}.Debug|Any CPU.Build.0 = Debug|Any CPU
		{584395C7-5D68-4DFA-8531-C07925D77B96}.Debug|x64.ActiveCfg = Debug|x64
		{584395C7-5D68-4DFA-8531-C07925D77B96}.Debug|x64.Build.0 = Debug|x64
		{584395C7-5D68-4DFA-8531-C07925D77B96}.Release|Any CPU.ActiveCfg = Release|Any CPU
		{584395C7-5D68-4DFA-8531-C07925D77B96}.Release|Any CPU.Build.0 = Release|Any CPU
		{584395C7-5D68-4DFA-8531-C07925D77B96}.Release|x64.ActiveCfg = Release|x64
		{584395C7-5D68-4DFA-8531-C07925D77B96}.Release|x64.Build.0 = Release|x64
		{5FA6F33B-56D6-4028-B91F-D792CAC82155}.AzolutionScanDebug|Any CPU.ActiveCfg = Debug|Any CPU
		{5FA6F33B-56D6-4028-B91F-D792CAC82155}.AzolutionScanDebug|Any CPU.Build.0 = Debug|Any CPU
		{5FA6F33B-56D6-4028-B91F-D792CAC82155}.AzolutionScanDebug|x64.ActiveCfg = Debug|x64
		{5FA6F33B-56D6-4028-B91F-D792CAC82155}.AzolutionScanDebug|x64.Build.0 = Debug|x64
		{5FA6F33B-56D6-4028-B91F-D792CAC82155}.Debug|Any CPU.ActiveCfg = Debug|Any CPU
		{5FA6F33B-56D6-4028-B91F-D792CAC82155}.Debug|Any CPU.Build.0 = Debug|Any CPU
		{5FA6F33B-56D6-4028-B91F-D792CAC82155}.Debug|x64.ActiveCfg = Debug|x64
		{5FA6F33B-56D6-4028-B91F-D792CAC82155}.Debug|x64.Build.0 = Debug|x64
		{5FA6F33B-56D6-4028-B91F-D792CAC82155}.Release|Any CPU.ActiveCfg = Release|Any CPU
		{5FA6F33B-56D6-4028-B91F-D792CAC82155}.Release|Any CPU.Build.0 = Release|Any CPU
		{5FA6F33B-56D6-4028-B91F-D792CAC82155}.Release|x64.ActiveCfg = Release|x64
		{5FA6F33B-56D6-4028-B91F-D792CAC82155}.Release|x64.Build.0 = Release|x64
		{EFF9C45C-B8A6-4DEF-AC53-26EB2AD46007}.AzolutionScanDebug|Any CPU.ActiveCfg = Debug|Any CPU
		{EFF9C45C-B8A6-4DEF-AC53-26EB2AD46007}.AzolutionScanDebug|Any CPU.Build.0 = Debug|Any CPU
		{EFF9C45C-B8A6-4DEF-AC53-26EB2AD46007}.AzolutionScanDebug|x64.ActiveCfg = Debug|x64
		{EFF9C45C-B8A6-4DEF-AC53-26EB2AD46007}.AzolutionScanDebug|x64.Build.0 = Debug|x64
		{EFF9C45C-B8A6-4DEF-AC53-26EB2AD46007}.Debug|Any CPU.ActiveCfg = Debug|Any CPU
		{EFF9C45C-B8A6-4DEF-AC53-26EB2AD46007}.Debug|Any CPU.Build.0 = Debug|Any CPU
		{EFF9C45C-B8A6-4DEF-AC53-26EB2AD46007}.Debug|x64.ActiveCfg = Debug|x64
		{EFF9C45C-B8A6-4DEF-AC53-26EB2AD46007}.Debug|x64.Build.0 = Debug|x64
		{EFF9C45C-B8A6-4DEF-AC53-26EB2AD46007}.Release|Any CPU.ActiveCfg = Release|Any CPU
		{EFF9C45C-B8A6-4DEF-AC53-26EB2AD46007}.Release|Any CPU.Build.0 = Release|Any CPU
		{EFF9C45C-B8A6-4DEF-AC53-26EB2AD46007}.Release|x64.ActiveCfg = Release|x64
		{EFF9C45C-B8A6-4DEF-AC53-26EB2AD46007}.Release|x64.Build.0 = Release|x64
		{2CB3A947-4A69-4372-A631-533456A487F9}.AzolutionScanDebug|Any CPU.ActiveCfg = Debug|Any CPU
		{2CB3A947-4A69-4372-A631-533456A487F9}.AzolutionScanDebug|Any CPU.Build.0 = Debug|Any CPU
		{2CB3A947-4A69-4372-A631-533456A487F9}.AzolutionScanDebug|x64.ActiveCfg = Debug|x64
		{2CB3A947-4A69-4372-A631-533456A487F9}.AzolutionScanDebug|x64.Build.0 = Debug|x64
		{2CB3A947-4A69-4372-A631-533456A487F9}.Debug|Any CPU.ActiveCfg = Debug|Any CPU
		{2CB3A947-4A69-4372-A631-533456A487F9}.Debug|Any CPU.Build.0 = Debug|Any CPU
		{2CB3A947-4A69-4372-A631-533456A487F9}.Debug|x64.ActiveCfg = Debug|x64
		{2CB3A947-4A69-4372-A631-533456A487F9}.Debug|x64.Build.0 = Debug|x64
		{2CB3A947-4A69-4372-A631-533456A487F9}.Release|Any CPU.ActiveCfg = Release|Any CPU
		{2CB3A947-4A69-4372-A631-533456A487F9}.Release|Any CPU.Build.0 = Release|Any CPU
		{2CB3A947-4A69-4372-A631-533456A487F9}.Release|x64.ActiveCfg = Release|x64
		{2CB3A947-4A69-4372-A631-533456A487F9}.Release|x64.Build.0 = Release|x64
		{910CC858-DD97-413C-8AC2-B2E4B9431B98}.AzolutionScanDebug|Any CPU.ActiveCfg = Debug|Any CPU
		{910CC858-DD97-413C-8AC2-B2E4B9431B98}.AzolutionScanDebug|Any CPU.Build.0 = Debug|Any CPU
		{910CC858-DD97-413C-8AC2-B2E4B9431B98}.AzolutionScanDebug|x64.ActiveCfg = Debug|x64
		{910CC858-DD97-413C-8AC2-B2E4B9431B98}.AzolutionScanDebug|x64.Build.0 = Debug|x64
		{910CC858-DD97-413C-8AC2-B2E4B9431B98}.Debug|Any CPU.ActiveCfg = Debug|Any CPU
		{910CC858-DD97-413C-8AC2-B2E4B9431B98}.Debug|Any CPU.Build.0 = Debug|Any CPU
		{910CC858-DD97-413C-8AC2-B2E4B9431B98}.Debug|x64.ActiveCfg = Debug|x64
		{910CC858-DD97-413C-8AC2-B2E4B9431B98}.Debug|x64.Build.0 = Debug|x64
		{910CC858-DD97-413C-8AC2-B2E4B9431B98}.Release|Any CPU.ActiveCfg = Release|Any CPU
		{910CC858-DD97-413C-8AC2-B2E4B9431B98}.Release|Any CPU.Build.0 = Release|Any CPU
		{910CC858-DD97-413C-8AC2-B2E4B9431B98}.Release|x64.ActiveCfg = Release|x64
		{910CC858-DD97-413C-8AC2-B2E4B9431B98}.Release|x64.Build.0 = Release|x64
		{5BB17631-1DBD-471B-8A31-E3487D731FF1}.AzolutionScanDebug|Any CPU.ActiveCfg = Debug|Any CPU
		{5BB17631-1DBD-471B-8A31-E3487D731FF1}.AzolutionScanDebug|Any CPU.Build.0 = Debug|Any CPU
		{5BB17631-1DBD-471B-8A31-E3487D731FF1}.AzolutionScanDebug|x64.ActiveCfg = Debug|x64
		{5BB17631-1DBD-471B-8A31-E3487D731FF1}.AzolutionScanDebug|x64.Build.0 = Debug|x64
		{5BB17631-1DBD-471B-8A31-E3487D731FF1}.Debug|Any CPU.ActiveCfg = Debug|Any CPU
		{5BB17631-1DBD-471B-8A31-E3487D731FF1}.Debug|Any CPU.Build.0 = Debug|Any CPU
		{5BB17631-1DBD-471B-8A31-E3487D731FF1}.Debug|x64.ActiveCfg = Debug|x64
		{5BB17631-1DBD-471B-8A31-E3487D731FF1}.Debug|x64.Build.0 = Debug|x64
		{5BB17631-1DBD-471B-8A31-E3487D731FF1}.Release|Any CPU.ActiveCfg = Release|Any CPU
		{5BB17631-1DBD-471B-8A31-E3487D731FF1}.Release|Any CPU.Build.0 = Release|Any CPU
		{5BB17631-1DBD-471B-8A31-E3487D731FF1}.Release|x64.ActiveCfg = Release|x64
		{5BB17631-1DBD-471B-8A31-E3487D731FF1}.Release|x64.Build.0 = Release|x64
		{12B76452-8030-4041-A75C-38AB9D371A59}.AzolutionScanDebug|Any CPU.ActiveCfg = Debug|Any CPU
		{12B76452-8030-4041-A75C-38AB9D371A59}.AzolutionScanDebug|Any CPU.Build.0 = Debug|Any CPU
		{12B76452-8030-4041-A75C-38AB9D371A59}.AzolutionScanDebug|x64.ActiveCfg = Debug|x64
		{12B76452-8030-4041-A75C-38AB9D371A59}.AzolutionScanDebug|x64.Build.0 = Debug|x64
		{12B76452-8030-4041-A75C-38AB9D371A59}.Debug|Any CPU.ActiveCfg = Debug|Any CPU
		{12B76452-8030-4041-A75C-38AB9D371A59}.Debug|Any CPU.Build.0 = Debug|Any CPU
		{12B76452-8030-4041-A75C-38AB9D371A59}.Debug|x64.ActiveCfg = Debug|x64
		{12B76452-8030-4041-A75C-38AB9D371A59}.Debug|x64.Build.0 = Debug|x64
		{12B76452-8030-4041-A75C-38AB9D371A59}.Release|Any CPU.ActiveCfg = Release|Any CPU
		{12B76452-8030-4041-A75C-38AB9D371A59}.Release|Any CPU.Build.0 = Release|Any CPU
		{12B76452-8030-4041-A75C-38AB9D371A59}.Release|x64.ActiveCfg = Release|x64
		{12B76452-8030-4041-A75C-38AB9D371A59}.Release|x64.Build.0 = Release|x64
		{E20D1599-20CC-4EFB-B916-6EEDF7B1630E}.AzolutionScanDebug|Any CPU.ActiveCfg = Debug|Any CPU
		{E20D1599-20CC-4EFB-B916-6EEDF7B1630E}.AzolutionScanDebug|Any CPU.Build.0 = Debug|Any CPU
		{E20D1599-20CC-4EFB-B916-6EEDF7B1630E}.AzolutionScanDebug|x64.ActiveCfg = Debug|x64
		{E20D1599-20CC-4EFB-B916-6EEDF7B1630E}.AzolutionScanDebug|x64.Build.0 = Debug|x64
		{E20D1599-20CC-4EFB-B916-6EEDF7B1630E}.Debug|Any CPU.ActiveCfg = Debug|Any CPU
		{E20D1599-20CC-4EFB-B916-6EEDF7B1630E}.Debug|Any CPU.Build.0 = Debug|Any CPU
		{E20D1599-20CC-4EFB-B916-6EEDF7B1630E}.Debug|x64.ActiveCfg = Debug|x64
		{E20D1599-20CC-4EFB-B916-6EEDF7B1630E}.Debug|x64.Build.0 = Debug|x64
		{E20D1599-20CC-4EFB-B916-6EEDF7B1630E}.Release|Any CPU.ActiveCfg = Release|Any CPU
		{E20D1599-20CC-4EFB-B916-6EEDF7B1630E}.Release|Any CPU.Build.0 = Release|Any CPU
		{E20D1599-20CC-4EFB-B916-6EEDF7B1630E}.Release|x64.ActiveCfg = Release|x64
		{E20D1599-20CC-4EFB-B916-6EEDF7B1630E}.Release|x64.Build.0 = Release|x64
		{75FC58AB-2A0B-4D77-8E7D-B9B0AB9E3A88}.AzolutionScanDebug|Any CPU.ActiveCfg = Debug|Any CPU
		{75FC58AB-2A0B-4D77-8E7D-B9B0AB9E3A88}.AzolutionScanDebug|Any CPU.Build.0 = Debug|Any CPU
		{75FC58AB-2A0B-4D77-8E7D-B9B0AB9E3A88}.AzolutionScanDebug|x64.ActiveCfg = Debug|x64
		{75FC58AB-2A0B-4D77-8E7D-B9B0AB9E3A88}.AzolutionScanDebug|x64.Build.0 = Debug|x64
		{75FC58AB-2A0B-4D77-8E7D-B9B0AB9E3A88}.Debug|Any CPU.ActiveCfg = Debug|Any CPU
		{75FC58AB-2A0B-4D77-8E7D-B9B0AB9E3A88}.Debug|Any CPU.Build.0 = Debug|Any CPU
		{75FC58AB-2A0B-4D77-8E7D-B9B0AB9E3A88}.Debug|x64.ActiveCfg = Debug|x64
		{75FC58AB-2A0B-4D77-8E7D-B9B0AB9E3A88}.Debug|x64.Build.0 = Debug|x64
		{75FC58AB-2A0B-4D77-8E7D-B9B0AB9E3A88}.Release|Any CPU.ActiveCfg = Release|Any CPU
		{75FC58AB-2A0B-4D77-8E7D-B9B0AB9E3A88}.Release|Any CPU.Build.0 = Release|Any CPU
		{75FC58AB-2A0B-4D77-8E7D-B9B0AB9E3A88}.Release|x64.ActiveCfg = Release|x64
		{75FC58AB-2A0B-4D77-8E7D-B9B0AB9E3A88}.Release|x64.Build.0 = Release|x64
		{73C3EC8F-FB9B-47BD-AC79-471FF630AD82}.AzolutionScanDebug|Any CPU.ActiveCfg = Debug|Any CPU
		{73C3EC8F-FB9B-47BD-AC79-471FF630AD82}.AzolutionScanDebug|Any CPU.Build.0 = Debug|Any CPU
		{73C3EC8F-FB9B-47BD-AC79-471FF630AD82}.AzolutionScanDebug|x64.ActiveCfg = Debug|x64
		{73C3EC8F-FB9B-47BD-AC79-471FF630AD82}.AzolutionScanDebug|x64.Build.0 = Debug|x64
		{73C3EC8F-FB9B-47BD-AC79-471FF630AD82}.Debug|Any CPU.ActiveCfg = Debug|Any CPU
		{73C3EC8F-FB9B-47BD-AC79-471FF630AD82}.Debug|Any CPU.Build.0 = Debug|Any CPU
		{73C3EC8F-FB9B-47BD-AC79-471FF630AD82}.Debug|x64.ActiveCfg = Debug|x64
		{73C3EC8F-FB9B-47BD-AC79-471FF630AD82}.Debug|x64.Build.0 = Debug|x64
		{73C3EC8F-FB9B-47BD-AC79-471FF630AD82}.Release|Any CPU.ActiveCfg = Release|Any CPU
		{73C3EC8F-FB9B-47BD-AC79-471FF630AD82}.Release|Any CPU.Build.0 = Release|Any CPU
		{73C3EC8F-FB9B-47BD-AC79-471FF630AD82}.Release|x64.ActiveCfg = Release|x64
		{73C3EC8F-FB9B-47BD-AC79-471FF630AD82}.Release|x64.Build.0 = Release|x64
		{4DDB007F-0F4E-4CD8-9C72-AD70CE524C81}.AzolutionScanDebug|Any CPU.ActiveCfg = Debug|Any CPU
		{4DDB007F-0F4E-4CD8-9C72-AD70CE524C81}.AzolutionScanDebug|Any CPU.Build.0 = Debug|Any CPU
		{4DDB007F-0F4E-4CD8-9C72-AD70CE524C81}.AzolutionScanDebug|x64.ActiveCfg = Debug|x64
		{4DDB007F-0F4E-4CD8-9C72-AD70CE524C81}.AzolutionScanDebug|x64.Build.0 = Debug|x64
		{4DDB007F-0F4E-4CD8-9C72-AD70CE524C81}.Debug|Any CPU.ActiveCfg = Debug|Any CPU
		{4DDB007F-0F4E-4CD8-9C72-AD70CE524C81}.Debug|Any CPU.Build.0 = Debug|Any CPU
		{4DDB007F-0F4E-4CD8-9C72-AD70CE524C81}.Debug|x64.ActiveCfg = Debug|x64
		{4DDB007F-0F4E-4CD8-9C72-AD70CE524C81}.Debug|x64.Build.0 = Debug|x64
		{4DDB007F-0F4E-4CD8-9C72-AD70CE524C81}.Release|Any CPU.ActiveCfg = Release|Any CPU
		{4DDB007F-0F4E-4CD8-9C72-AD70CE524C81}.Release|Any CPU.Build.0 = Release|Any CPU
		{4DDB007F-0F4E-4CD8-9C72-AD70CE524C81}.Release|x64.ActiveCfg = Release|x64
		{4DDB007F-0F4E-4CD8-9C72-AD70CE524C81}.Release|x64.Build.0 = Release|x64
		{C806631B-4C44-4EFD-8391-32C47EE61FDF}.AzolutionScanDebug|Any CPU.ActiveCfg = Debug|Any CPU
		{C806631B-4C44-4EFD-8391-32C47EE61FDF}.AzolutionScanDebug|Any CPU.Build.0 = Debug|Any CPU
		{C806631B-4C44-4EFD-8391-32C47EE61FDF}.AzolutionScanDebug|x64.ActiveCfg = Debug|x64
		{C806631B-4C44-4EFD-8391-32C47EE61FDF}.AzolutionScanDebug|x64.Build.0 = Debug|x64
		{C806631B-4C44-4EFD-8391-32C47EE61FDF}.Debug|Any CPU.ActiveCfg = Debug|Any CPU
		{C806631B-4C44-4EFD-8391-32C47EE61FDF}.Debug|Any CPU.Build.0 = Debug|Any CPU
		{C806631B-4C44-4EFD-8391-32C47EE61FDF}.Debug|x64.ActiveCfg = Debug|x64
		{C806631B-4C44-4EFD-8391-32C47EE61FDF}.Debug|x64.Build.0 = Debug|x64
		{C806631B-4C44-4EFD-8391-32C47EE61FDF}.Release|Any CPU.ActiveCfg = Release|Any CPU
		{C806631B-4C44-4EFD-8391-32C47EE61FDF}.Release|Any CPU.Build.0 = Release|Any CPU
		{C806631B-4C44-4EFD-8391-32C47EE61FDF}.Release|x64.ActiveCfg = Release|x64
		{C806631B-4C44-4EFD-8391-32C47EE61FDF}.Release|x64.Build.0 = Release|x64
		{BB70579F-CF97-4D6A-9026-A68E9717AC3C}.AzolutionScanDebug|Any CPU.ActiveCfg = Debug|Any CPU
		{BB70579F-CF97-4D6A-9026-A68E9717AC3C}.AzolutionScanDebug|Any CPU.Build.0 = Debug|Any CPU
		{BB70579F-CF97-4D6A-9026-A68E9717AC3C}.AzolutionScanDebug|x64.ActiveCfg = Debug|x64
		{BB70579F-CF97-4D6A-9026-A68E9717AC3C}.AzolutionScanDebug|x64.Build.0 = Debug|x64
		{BB70579F-CF97-4D6A-9026-A68E9717AC3C}.Debug|Any CPU.ActiveCfg = Debug|Any CPU
		{BB70579F-CF97-4D6A-9026-A68E9717AC3C}.Debug|Any CPU.Build.0 = Debug|Any CPU
		{BB70579F-CF97-4D6A-9026-A68E9717AC3C}.Debug|x64.ActiveCfg = Debug|x64
		{BB70579F-CF97-4D6A-9026-A68E9717AC3C}.Debug|x64.Build.0 = Debug|x64
		{BB70579F-CF97-4D6A-9026-A68E9717AC3C}.Release|Any CPU.ActiveCfg = Release|Any CPU
		{BB70579F-CF97-4D6A-9026-A68E9717AC3C}.Release|Any CPU.Build.0 = Release|Any CPU
		{BB70579F-CF97-4D6A-9026-A68E9717AC3C}.Release|x64.ActiveCfg = Release|x64
		{BB70579F-CF97-4D6A-9026-A68E9717AC3C}.Release|x64.Build.0 = Release|x64
		{3622E42C-D6E8-4F79-A96B-FABDE0478143}.AzolutionScanDebug|Any CPU.ActiveCfg = Debug|Any CPU
		{3622E42C-D6E8-4F79-A96B-FABDE0478143}.AzolutionScanDebug|Any CPU.Build.0 = Debug|Any CPU
		{3622E42C-D6E8-4F79-A96B-FABDE0478143}.AzolutionScanDebug|x64.ActiveCfg = Debug|x64
		{3622E42C-D6E8-4F79-A96B-FABDE0478143}.AzolutionScanDebug|x64.Build.0 = Debug|x64
		{3622E42C-D6E8-4F79-A96B-FABDE0478143}.Debug|Any CPU.ActiveCfg = Debug|Any CPU
		{3622E42C-D6E8-4F79-A96B-FABDE0478143}.Debug|Any CPU.Build.0 = Debug|Any CPU
		{3622E42C-D6E8-4F79-A96B-FABDE0478143}.Debug|x64.ActiveCfg = Debug|x64
		{3622E42C-D6E8-4F79-A96B-FABDE0478143}.Debug|x64.Build.0 = Debug|x64
		{3622E42C-D6E8-4F79-A96B-FABDE0478143}.Release|Any CPU.ActiveCfg = Release|Any CPU
		{3622E42C-D6E8-4F79-A96B-FABDE0478143}.Release|Any CPU.Build.0 = Release|Any CPU
		{3622E42C-D6E8-4F79-A96B-FABDE0478143}.Release|x64.ActiveCfg = Release|x64
		{3622E42C-D6E8-4F79-A96B-FABDE0478143}.Release|x64.Build.0 = Release|x64
		{D029A9BA-78AC-45CD-A3B4-346CC5D1737D}.AzolutionScanDebug|Any CPU.ActiveCfg = Debug|Any CPU
		{D029A9BA-78AC-45CD-A3B4-346CC5D1737D}.AzolutionScanDebug|Any CPU.Build.0 = Debug|Any CPU
		{D029A9BA-78AC-45CD-A3B4-346CC5D1737D}.AzolutionScanDebug|x64.ActiveCfg = Debug|Any CPU
		{D029A9BA-78AC-45CD-A3B4-346CC5D1737D}.Debug|Any CPU.ActiveCfg = Debug|Any CPU
		{D029A9BA-78AC-45CD-A3B4-346CC5D1737D}.Debug|Any CPU.Build.0 = Debug|Any CPU
		{D029A9BA-78AC-45CD-A3B4-346CC5D1737D}.Debug|x64.ActiveCfg = Debug|Any CPU
		{D029A9BA-78AC-45CD-A3B4-346CC5D1737D}.Release|Any CPU.ActiveCfg = Release|Any CPU
		{D029A9BA-78AC-45CD-A3B4-346CC5D1737D}.Release|Any CPU.Build.0 = Release|Any CPU
		{D029A9BA-78AC-45CD-A3B4-346CC5D1737D}.Release|x64.ActiveCfg = Release|Any CPU
		{00A85FBD-0DAD-4A61-AA02-2EAED824B802}.AzolutionScanDebug|Any CPU.ActiveCfg = Debug|Any CPU
		{00A85FBD-0DAD-4A61-AA02-2EAED824B802}.AzolutionScanDebug|Any CPU.Build.0 = Debug|Any CPU
		{00A85FBD-0DAD-4A61-AA02-2EAED824B802}.AzolutionScanDebug|x64.ActiveCfg = Debug|Any CPU
		{00A85FBD-0DAD-4A61-AA02-2EAED824B802}.Debug|Any CPU.ActiveCfg = Debug|Any CPU
		{00A85FBD-0DAD-4A61-AA02-2EAED824B802}.Debug|Any CPU.Build.0 = Debug|Any CPU
		{00A85FBD-0DAD-4A61-AA02-2EAED824B802}.Debug|x64.ActiveCfg = Debug|Any CPU
		{00A85FBD-0DAD-4A61-AA02-2EAED824B802}.Release|Any CPU.ActiveCfg = Release|Any CPU
		{00A85FBD-0DAD-4A61-AA02-2EAED824B802}.Release|Any CPU.Build.0 = Release|Any CPU
		{00A85FBD-0DAD-4A61-AA02-2EAED824B802}.Release|x64.ActiveCfg = Release|Any CPU
		{745DD358-CDC7-4687-83F0-CA92C219F8AD}.AzolutionScanDebug|Any CPU.ActiveCfg = Debug|Any CPU
		{745DD358-CDC7-4687-83F0-CA92C219F8AD}.AzolutionScanDebug|Any CPU.Build.0 = Debug|Any CPU
		{745DD358-CDC7-4687-83F0-CA92C219F8AD}.AzolutionScanDebug|x64.ActiveCfg = Debug|Any CPU
		{745DD358-CDC7-4687-83F0-CA92C219F8AD}.AzolutionScanDebug|x64.Build.0 = Debug|Any CPU
		{745DD358-CDC7-4687-83F0-CA92C219F8AD}.Debug|Any CPU.ActiveCfg = Debug|Any CPU
		{745DD358-CDC7-4687-83F0-CA92C219F8AD}.Debug|Any CPU.Build.0 = Debug|Any CPU
		{745DD358-CDC7-4687-83F0-CA92C219F8AD}.Debug|x64.ActiveCfg = Debug|Any CPU
		{745DD358-CDC7-4687-83F0-CA92C219F8AD}.Debug|x64.Build.0 = Debug|Any CPU
		{745DD358-CDC7-4687-83F0-CA92C219F8AD}.Release|Any CPU.ActiveCfg = Release|Any CPU
		{745DD358-CDC7-4687-83F0-CA92C219F8AD}.Release|Any CPU.Build.0 = Release|Any CPU
		{745DD358-CDC7-4687-83F0-CA92C219F8AD}.Release|x64.ActiveCfg = Release|Any CPU
		{745DD358-CDC7-4687-83F0-CA92C219F8AD}.Release|x64.Build.0 = Release|Any CPU
		{A0870DE9-3280-4730-90CE-5E2C1D2C3F3E}.AzolutionScanDebug|Any CPU.ActiveCfg = Debug|Any CPU
		{A0870DE9-3280-4730-90CE-5E2C1D2C3F3E}.AzolutionScanDebug|Any CPU.Build.0 = Debug|Any CPU
		{A0870DE9-3280-4730-90CE-5E2C1D2C3F3E}.AzolutionScanDebug|x64.ActiveCfg = Debug|Any CPU
		{A0870DE9-3280-4730-90CE-5E2C1D2C3F3E}.AzolutionScanDebug|x64.Build.0 = Debug|Any CPU
		{A0870DE9-3280-4730-90CE-5E2C1D2C3F3E}.Debug|Any CPU.ActiveCfg = Debug|Any CPU
		{A0870DE9-3280-4730-90CE-5E2C1D2C3F3E}.Debug|Any CPU.Build.0 = Debug|Any CPU
		{A0870DE9-3280-4730-90CE-5E2C1D2C3F3E}.Debug|x64.ActiveCfg = Debug|Any CPU
		{A0870DE9-3280-4730-90CE-5E2C1D2C3F3E}.Debug|x64.Build.0 = Debug|Any CPU
		{A0870DE9-3280-4730-90CE-5E2C1D2C3F3E}.Release|Any CPU.ActiveCfg = Release|Any CPU
		{A0870DE9-3280-4730-90CE-5E2C1D2C3F3E}.Release|Any CPU.Build.0 = Release|Any CPU
		{A0870DE9-3280-4730-90CE-5E2C1D2C3F3E}.Release|x64.ActiveCfg = Release|Any CPU
		{A0870DE9-3280-4730-90CE-5E2C1D2C3F3E}.Release|x64.Build.0 = Release|Any CPU
		{6A3DB2AB-E0CF-448C-B40B-8156015AD2C8}.AzolutionScanDebug|Any CPU.ActiveCfg = Debug|Any CPU
		{6A3DB2AB-E0CF-448C-B40B-8156015AD2C8}.AzolutionScanDebug|Any CPU.Build.0 = Debug|Any CPU
		{6A3DB2AB-E0CF-448C-B40B-8156015AD2C8}.AzolutionScanDebug|x64.ActiveCfg = Debug|Any CPU
		{6A3DB2AB-E0CF-448C-B40B-8156015AD2C8}.AzolutionScanDebug|x64.Build.0 = Debug|Any CPU
		{6A3DB2AB-E0CF-448C-B40B-8156015AD2C8}.Debug|Any CPU.ActiveCfg = Debug|Any CPU
		{6A3DB2AB-E0CF-448C-B40B-8156015AD2C8}.Debug|Any CPU.Build.0 = Debug|Any CPU
		{6A3DB2AB-E0CF-448C-B40B-8156015AD2C8}.Debug|x64.ActiveCfg = Debug|Any CPU
		{6A3DB2AB-E0CF-448C-B40B-8156015AD2C8}.Debug|x64.Build.0 = Debug|Any CPU
		{6A3DB2AB-E0CF-448C-B40B-8156015AD2C8}.Release|Any CPU.ActiveCfg = Release|Any CPU
		{6A3DB2AB-E0CF-448C-B40B-8156015AD2C8}.Release|Any CPU.Build.0 = Release|Any CPU
		{6A3DB2AB-E0CF-448C-B40B-8156015AD2C8}.Release|x64.ActiveCfg = Release|Any CPU
		{6A3DB2AB-E0CF-448C-B40B-8156015AD2C8}.Release|x64.Build.0 = Release|Any CPU
		{D2401F3A-7ECC-43A1-BE7E-8B0C9CA967A9}.AzolutionScanDebug|Any CPU.ActiveCfg = Debug|Any CPU
		{D2401F3A-7ECC-43A1-BE7E-8B0C9CA967A9}.AzolutionScanDebug|Any CPU.Build.0 = Debug|Any CPU
		{D2401F3A-7ECC-43A1-BE7E-8B0C9CA967A9}.AzolutionScanDebug|x64.ActiveCfg = Debug|Any CPU
		{D2401F3A-7ECC-43A1-BE7E-8B0C9CA967A9}.AzolutionScanDebug|x64.Build.0 = Debug|Any CPU
		{D2401F3A-7ECC-43A1-BE7E-8B0C9CA967A9}.Debug|Any CPU.ActiveCfg = Debug|Any CPU
		{D2401F3A-7ECC-43A1-BE7E-8B0C9CA967A9}.Debug|Any CPU.Build.0 = Debug|Any CPU
		{D2401F3A-7ECC-43A1-BE7E-8B0C9CA967A9}.Debug|x64.ActiveCfg = Debug|Any CPU
		{D2401F3A-7ECC-43A1-BE7E-8B0C9CA967A9}.Debug|x64.Build.0 = Debug|Any CPU
		{D2401F3A-7ECC-43A1-BE7E-8B0C9CA967A9}.Release|Any CPU.ActiveCfg = Release|Any CPU
		{D2401F3A-7ECC-43A1-BE7E-8B0C9CA967A9}.Release|Any CPU.Build.0 = Release|Any CPU
		{D2401F3A-7ECC-43A1-BE7E-8B0C9CA967A9}.Release|x64.ActiveCfg = Release|Any CPU
		{D2401F3A-7ECC-43A1-BE7E-8B0C9CA967A9}.Release|x64.Build.0 = Release|Any CPU
		{C7D88481-09DA-42AB-B9A2-30663902F19B}.AzolutionScanDebug|Any CPU.ActiveCfg = Debug|Any CPU
		{C7D88481-09DA-42AB-B9A2-30663902F19B}.AzolutionScanDebug|Any CPU.Build.0 = Debug|Any CPU
		{C7D88481-09DA-42AB-B9A2-30663902F19B}.AzolutionScanDebug|x64.ActiveCfg = Debug|Any CPU
		{C7D88481-09DA-42AB-B9A2-30663902F19B}.AzolutionScanDebug|x64.Build.0 = Debug|Any CPU
		{C7D88481-09DA-42AB-B9A2-30663902F19B}.Debug|Any CPU.ActiveCfg = Debug|Any CPU
		{C7D88481-09DA-42AB-B9A2-30663902F19B}.Debug|Any CPU.Build.0 = Debug|Any CPU
		{C7D88481-09DA-42AB-B9A2-30663902F19B}.Debug|x64.ActiveCfg = Debug|Any CPU
		{C7D88481-09DA-42AB-B9A2-30663902F19B}.Debug|x64.Build.0 = Debug|Any CPU
		{C7D88481-09DA-42AB-B9A2-30663902F19B}.Release|Any CPU.ActiveCfg = Release|Any CPU
		{C7D88481-09DA-42AB-B9A2-30663902F19B}.Release|Any CPU.Build.0 = Release|Any CPU
		{C7D88481-09DA-42AB-B9A2-30663902F19B}.Release|x64.ActiveCfg = Release|Any CPU
		{C7D88481-09DA-42AB-B9A2-30663902F19B}.Release|x64.Build.0 = Release|Any CPU
		{76D29AA0-2C0C-416C-88E9-62C3D40A9225}.AzolutionScanDebug|Any CPU.ActiveCfg = Debug|Any CPU
		{76D29AA0-2C0C-416C-88E9-62C3D40A9225}.AzolutionScanDebug|Any CPU.Build.0 = Debug|Any CPU
		{76D29AA0-2C0C-416C-88E9-62C3D40A9225}.AzolutionScanDebug|x64.ActiveCfg = Debug|Any CPU
		{76D29AA0-2C0C-416C-88E9-62C3D40A9225}.AzolutionScanDebug|x64.Build.0 = Debug|Any CPU
		{76D29AA0-2C0C-416C-88E9-62C3D40A9225}.Debug|Any CPU.ActiveCfg = Debug|Any CPU
		{76D29AA0-2C0C-416C-88E9-62C3D40A9225}.Debug|Any CPU.Build.0 = Debug|Any CPU
		{76D29AA0-2C0C-416C-88E9-62C3D40A9225}.Debug|x64.ActiveCfg = Debug|Any CPU
		{76D29AA0-2C0C-416C-88E9-62C3D40A9225}.Debug|x64.Build.0 = Debug|Any CPU
		{76D29AA0-2C0C-416C-88E9-62C3D40A9225}.Release|Any CPU.ActiveCfg = Release|Any CPU
		{76D29AA0-2C0C-416C-88E9-62C3D40A9225}.Release|Any CPU.Build.0 = Release|Any CPU
		{76D29AA0-2C0C-416C-88E9-62C3D40A9225}.Release|x64.ActiveCfg = Release|Any CPU
		{76D29AA0-2C0C-416C-88E9-62C3D40A9225}.Release|x64.Build.0 = Release|Any CPU
		{90C2EA3B-2313-43AF-B1DF-9185F622ABA5}.AzolutionScanDebug|Any CPU.ActiveCfg = Debug|Any CPU
		{90C2EA3B-2313-43AF-B1DF-9185F622ABA5}.AzolutionScanDebug|Any CPU.Build.0 = Debug|Any CPU
		{90C2EA3B-2313-43AF-B1DF-9185F622ABA5}.AzolutionScanDebug|x64.ActiveCfg = Debug|Any CPU
		{90C2EA3B-2313-43AF-B1DF-9185F622ABA5}.AzolutionScanDebug|x64.Build.0 = Debug|Any CPU
		{90C2EA3B-2313-43AF-B1DF-9185F622ABA5}.Debug|Any CPU.ActiveCfg = Debug|Any CPU
		{90C2EA3B-2313-43AF-B1DF-9185F622ABA5}.Debug|Any CPU.Build.0 = Debug|Any CPU
		{90C2EA3B-2313-43AF-B1DF-9185F622ABA5}.Debug|x64.ActiveCfg = Debug|Any CPU
		{90C2EA3B-2313-43AF-B1DF-9185F622ABA5}.Debug|x64.Build.0 = Debug|Any CPU
		{90C2EA3B-2313-43AF-B1DF-9185F622ABA5}.Release|Any CPU.ActiveCfg = Release|Any CPU
		{90C2EA3B-2313-43AF-B1DF-9185F622ABA5}.Release|Any CPU.Build.0 = Release|Any CPU
		{90C2EA3B-2313-43AF-B1DF-9185F622ABA5}.Release|x64.ActiveCfg = Release|Any CPU
		{90C2EA3B-2313-43AF-B1DF-9185F622ABA5}.Release|x64.Build.0 = Release|Any CPU
		{922AEFD0-3F2D-4D39-8571-B299D5D70B59}.AzolutionScanDebug|Any CPU.ActiveCfg = Debug|Any CPU
		{922AEFD0-3F2D-4D39-8571-B299D5D70B59}.AzolutionScanDebug|Any CPU.Build.0 = Debug|Any CPU
		{922AEFD0-3F2D-4D39-8571-B299D5D70B59}.AzolutionScanDebug|x64.ActiveCfg = Debug|Any CPU
		{922AEFD0-3F2D-4D39-8571-B299D5D70B59}.AzolutionScanDebug|x64.Build.0 = Debug|Any CPU
		{922AEFD0-3F2D-4D39-8571-B299D5D70B59}.Debug|Any CPU.ActiveCfg = Debug|Any CPU
		{922AEFD0-3F2D-4D39-8571-B299D5D70B59}.Debug|Any CPU.Build.0 = Debug|Any CPU
		{922AEFD0-3F2D-4D39-8571-B299D5D70B59}.Debug|x64.ActiveCfg = Debug|Any CPU
		{922AEFD0-3F2D-4D39-8571-B299D5D70B59}.Debug|x64.Build.0 = Debug|Any CPU
		{922AEFD0-3F2D-4D39-8571-B299D5D70B59}.Release|Any CPU.ActiveCfg = Release|Any CPU
		{922AEFD0-3F2D-4D39-8571-B299D5D70B59}.Release|Any CPU.Build.0 = Release|Any CPU
		{922AEFD0-3F2D-4D39-8571-B299D5D70B59}.Release|x64.ActiveCfg = Release|Any CPU
		{922AEFD0-3F2D-4D39-8571-B299D5D70B59}.Release|x64.Build.0 = Release|Any CPU
		{8EC0B09B-8F8D-4AD5-942F-CA48A810D848}.AzolutionScanDebug|Any CPU.ActiveCfg = Debug|Any CPU
		{8EC0B09B-8F8D-4AD5-942F-CA48A810D848}.AzolutionScanDebug|Any CPU.Build.0 = Debug|Any CPU
		{8EC0B09B-8F8D-4AD5-942F-CA48A810D848}.AzolutionScanDebug|x64.ActiveCfg = Debug|Any CPU
		{8EC0B09B-8F8D-4AD5-942F-CA48A810D848}.AzolutionScanDebug|x64.Build.0 = Debug|Any CPU
		{8EC0B09B-8F8D-4AD5-942F-CA48A810D848}.Debug|Any CPU.ActiveCfg = Debug|Any CPU
		{8EC0B09B-8F8D-4AD5-942F-CA48A810D848}.Debug|Any CPU.Build.0 = Debug|Any CPU
		{8EC0B09B-8F8D-4AD5-942F-CA48A810D848}.Debug|x64.ActiveCfg = Debug|Any CPU
		{8EC0B09B-8F8D-4AD5-942F-CA48A810D848}.Debug|x64.Build.0 = Debug|Any CPU
		{8EC0B09B-8F8D-4AD5-942F-CA48A810D848}.Release|Any CPU.ActiveCfg = Release|Any CPU
		{8EC0B09B-8F8D-4AD5-942F-CA48A810D848}.Release|Any CPU.Build.0 = Release|Any CPU
		{8EC0B09B-8F8D-4AD5-942F-CA48A810D848}.Release|x64.ActiveCfg = Release|Any CPU
		{8EC0B09B-8F8D-4AD5-942F-CA48A810D848}.Release|x64.Build.0 = Release|Any CPU
		{1CABA647-A35A-4171-A2A9-99572848AE8C}.AzolutionScanDebug|Any CPU.ActiveCfg = Debug|Any CPU
		{1CABA647-A35A-4171-A2A9-99572848AE8C}.AzolutionScanDebug|Any CPU.Build.0 = Debug|Any CPU
		{1CABA647-A35A-4171-A2A9-99572848AE8C}.AzolutionScanDebug|x64.ActiveCfg = Debug|Any CPU
		{1CABA647-A35A-4171-A2A9-99572848AE8C}.AzolutionScanDebug|x64.Build.0 = Debug|Any CPU
		{1CABA647-A35A-4171-A2A9-99572848AE8C}.Debug|Any CPU.ActiveCfg = Debug|Any CPU
		{1CABA647-A35A-4171-A2A9-99572848AE8C}.Debug|Any CPU.Build.0 = Debug|Any CPU
		{1CABA647-A35A-4171-A2A9-99572848AE8C}.Debug|x64.ActiveCfg = Debug|Any CPU
		{1CABA647-A35A-4171-A2A9-99572848AE8C}.Debug|x64.Build.0 = Debug|Any CPU
		{1CABA647-A35A-4171-A2A9-99572848AE8C}.Release|Any CPU.ActiveCfg = Release|Any CPU
		{1CABA647-A35A-4171-A2A9-99572848AE8C}.Release|Any CPU.Build.0 = Release|Any CPU
		{1CABA647-A35A-4171-A2A9-99572848AE8C}.Release|x64.ActiveCfg = Release|Any CPU
		{1CABA647-A35A-4171-A2A9-99572848AE8C}.Release|x64.Build.0 = Release|Any CPU
		{FD286E4E-9E89-47CC-B6B1-2E37AB9B12C5}.AzolutionScanDebug|Any CPU.ActiveCfg = Debug|Any CPU
		{FD286E4E-9E89-47CC-B6B1-2E37AB9B12C5}.AzolutionScanDebug|Any CPU.Build.0 = Debug|Any CPU
		{FD286E4E-9E89-47CC-B6B1-2E37AB9B12C5}.AzolutionScanDebug|x64.ActiveCfg = Debug|Any CPU
		{FD286E4E-9E89-47CC-B6B1-2E37AB9B12C5}.AzolutionScanDebug|x64.Build.0 = Debug|Any CPU
		{FD286E4E-9E89-47CC-B6B1-2E37AB9B12C5}.Debug|Any CPU.ActiveCfg = Debug|Any CPU
		{FD286E4E-9E89-47CC-B6B1-2E37AB9B12C5}.Debug|Any CPU.Build.0 = Debug|Any CPU
		{FD286E4E-9E89-47CC-B6B1-2E37AB9B12C5}.Debug|x64.ActiveCfg = Debug|Any CPU
		{FD286E4E-9E89-47CC-B6B1-2E37AB9B12C5}.Debug|x64.Build.0 = Debug|Any CPU
		{FD286E4E-9E89-47CC-B6B1-2E37AB9B12C5}.Release|Any CPU.ActiveCfg = Release|Any CPU
		{FD286E4E-9E89-47CC-B6B1-2E37AB9B12C5}.Release|Any CPU.Build.0 = Release|Any CPU
		{FD286E4E-9E89-47CC-B6B1-2E37AB9B12C5}.Release|x64.ActiveCfg = Release|Any CPU
		{FD286E4E-9E89-47CC-B6B1-2E37AB9B12C5}.Release|x64.Build.0 = Release|Any CPU
		{3E734E6E-8DC7-4EF0-BB9B-CF2C375D37CC}.AzolutionScanDebug|Any CPU.ActiveCfg = Debug|Any CPU
		{3E734E6E-8DC7-4EF0-BB9B-CF2C375D37CC}.AzolutionScanDebug|Any CPU.Build.0 = Debug|Any CPU
		{3E734E6E-8DC7-4EF0-BB9B-CF2C375D37CC}.AzolutionScanDebug|x64.ActiveCfg = Debug|Any CPU
		{3E734E6E-8DC7-4EF0-BB9B-CF2C375D37CC}.AzolutionScanDebug|x64.Build.0 = Debug|Any CPU
		{3E734E6E-8DC7-4EF0-BB9B-CF2C375D37CC}.Debug|Any CPU.ActiveCfg = Debug|Any CPU
		{3E734E6E-8DC7-4EF0-BB9B-CF2C375D37CC}.Debug|Any CPU.Build.0 = Debug|Any CPU
		{3E734E6E-8DC7-4EF0-BB9B-CF2C375D37CC}.Debug|x64.ActiveCfg = Debug|Any CPU
		{3E734E6E-8DC7-4EF0-BB9B-CF2C375D37CC}.Debug|x64.Build.0 = Debug|Any CPU
		{3E734E6E-8DC7-4EF0-BB9B-CF2C375D37CC}.Release|Any CPU.ActiveCfg = Release|Any CPU
		{3E734E6E-8DC7-4EF0-BB9B-CF2C375D37CC}.Release|Any CPU.Build.0 = Release|Any CPU
		{3E734E6E-8DC7-4EF0-BB9B-CF2C375D37CC}.Release|x64.ActiveCfg = Release|Any CPU
		{3E734E6E-8DC7-4EF0-BB9B-CF2C375D37CC}.Release|x64.Build.0 = Release|Any CPU
	EndGlobalSection
	GlobalSection(SolutionProperties) = preSolution
		HideSolutionNode = FALSE
	EndGlobalSection
	GlobalSection(NestedProjects) = preSolution
		{772A2868-A535-4210-AA38-9110A0576780} = {B03FCB4E-862E-4493-88A9-BA2EEB6B6EFF}
		{08833791-B93A-43F9-87A9-5A53D6B2B866} = {B03FCB4E-862E-4493-88A9-BA2EEB6B6EFF}
		{E7A17B52-1FFA-4F46-BC2C-05EB53C4E5C7} = {EBD7E94B-678D-4DAA-BF83-374545E56CCA}
		{7DD74C60-C5EA-447D-81DA-343F3DF8D958} = {E7A17B52-1FFA-4F46-BC2C-05EB53C4E5C7}
		{3795EF51-19CE-4E46-B4CD-30B13DFE0B4C} = {E7A17B52-1FFA-4F46-BC2C-05EB53C4E5C7}
		{30264FD2-CEBA-4884-9C64-3939509B19E9} = {EBD7E94B-678D-4DAA-BF83-374545E56CCA}
		{AA1BA81B-28A7-499D-8CCF-BB5E2D5E1BE8} = {30264FD2-CEBA-4884-9C64-3939509B19E9}
		{82F10620-9653-4A1F-809A-482A275D3376} = {EBD7E94B-678D-4DAA-BF83-374545E56CCA}
		{D269EBCD-2DC6-477C-84A3-CA4104A3AA45} = {82F10620-9653-4A1F-809A-482A275D3376}
		{D3957568-1501-458B-B5B9-1A519C817EF4} = {EBD7E94B-678D-4DAA-BF83-374545E56CCA}
		{FD9A1B9D-CB9E-4A4C-A942-EF3F61824833} = {D3957568-1501-458B-B5B9-1A519C817EF4}
		{7C3436B0-92C9-485D-B2EE-A7F1922E9256} = {D3957568-1501-458B-B5B9-1A519C817EF4}
		{AD1A0FFF-AF60-4056-ABA5-F5F7E712E34E} = {AA0E8304-4BED-4037-BDE2-9B12643B03D1}
		{EC9A3FFF-B174-464E-84CA-EA3215DF0C8D} = {EBD7E94B-678D-4DAA-BF83-374545E56CCA}
		{E847643E-9069-4C40-9C82-87D0DE69B781} = {EC9A3FFF-B174-464E-84CA-EA3215DF0C8D}
		{D75BB9DD-1210-47B0-BEB6-25AAADD716C5} = {EC9A3FFF-B174-464E-84CA-EA3215DF0C8D}
		{3B2F3179-685B-495F-8ED5-824E9F435E27} = {EBD7E94B-678D-4DAA-BF83-374545E56CCA}
		{7AC860D4-6F9D-4158-97BE-0AC4FAF9FA13} = {3B2F3179-685B-495F-8ED5-824E9F435E27}
		{234F6AF7-4E72-4E22-8C22-F56F9DE30C04} = {EBD7E94B-678D-4DAA-BF83-374545E56CCA}
		{CA76B262-FB28-41AF-BC7D-6EB1ECCB5E45} = {EBD7E94B-678D-4DAA-BF83-374545E56CCA}
		{4594D63D-7AC2-4580-BE0F-334F4CFFC7D6} = {CA76B262-FB28-41AF-BC7D-6EB1ECCB5E45}
		{BFB82B90-6FEC-4C86-81B2-59DFA64B982D} = {CA76B262-FB28-41AF-BC7D-6EB1ECCB5E45}
		{424996D1-1660-43FA-8128-D9A927FA148F} = {234F6AF7-4E72-4E22-8C22-F56F9DE30C04}
		{8ADC11AC-45D4-4485-8320-9380748D07EA} = {234F6AF7-4E72-4E22-8C22-F56F9DE30C04}
		{683EBA2C-5406-4ED5-931A-3EDD84B062DF} = {EBD7E94B-678D-4DAA-BF83-374545E56CCA}
		{C80E2BFD-B1E4-47AD-AA1E-DCFA88470BC2} = {683EBA2C-5406-4ED5-931A-3EDD84B062DF}
		{BA341973-BDC4-460E-BD5D-FF034A4883E3} = {683EBA2C-5406-4ED5-931A-3EDD84B062DF}
		{9F73FB00-A7FE-4195-80E4-9925B339010E} = {EBD7E94B-678D-4DAA-BF83-374545E56CCA}
		{B59BF0A3-253C-40E4-BAD6-B00564366BC3} = {9F73FB00-A7FE-4195-80E4-9925B339010E}
		{584395C7-5D68-4DFA-8531-C07925D77B96} = {9F73FB00-A7FE-4195-80E4-9925B339010E}
		{1F74C9C7-4A7A-4424-BCFD-34DDC51CD1AB} = {EBD7E94B-678D-4DAA-BF83-374545E56CCA}
		{5FA6F33B-56D6-4028-B91F-D792CAC82155} = {1F74C9C7-4A7A-4424-BCFD-34DDC51CD1AB}
		{EFF9C45C-B8A6-4DEF-AC53-26EB2AD46007} = {1F74C9C7-4A7A-4424-BCFD-34DDC51CD1AB}
		{851DF863-9E16-4DCB-8325-1B35366886D3} = {EBD7E94B-678D-4DAA-BF83-374545E56CCA}
		{2CB3A947-4A69-4372-A631-533456A487F9} = {851DF863-9E16-4DCB-8325-1B35366886D3}
		{910CC858-DD97-413C-8AC2-B2E4B9431B98} = {851DF863-9E16-4DCB-8325-1B35366886D3}
		{A40E8A59-7B05-45BC-9F7B-FCCF08B233D3} = {EBD7E94B-678D-4DAA-BF83-374545E56CCA}
		{5BB17631-1DBD-471B-8A31-E3487D731FF1} = {A40E8A59-7B05-45BC-9F7B-FCCF08B233D3}
		{12B76452-8030-4041-A75C-38AB9D371A59} = {A40E8A59-7B05-45BC-9F7B-FCCF08B233D3}
		{E20D1599-20CC-4EFB-B916-6EEDF7B1630E} = {82F10620-9653-4A1F-809A-482A275D3376}
		{3EB510BF-5A75-4D6D-831E-0F75E390CB13} = {EBD7E94B-678D-4DAA-BF83-374545E56CCA}
		{75FC58AB-2A0B-4D77-8E7D-B9B0AB9E3A88} = {3EB510BF-5A75-4D6D-831E-0F75E390CB13}
		{73C3EC8F-FB9B-47BD-AC79-471FF630AD82} = {3EB510BF-5A75-4D6D-831E-0F75E390CB13}
		{4DDB007F-0F4E-4CD8-9C72-AD70CE524C81} = {EBD7E94B-678D-4DAA-BF83-374545E56CCA}
		{C806631B-4C44-4EFD-8391-32C47EE61FDF} = {EBD7E94B-678D-4DAA-BF83-374545E56CCA}
		{D26A5876-6A75-407C-A750-464D2C3EA893} = {EBD7E94B-678D-4DAA-BF83-374545E56CCA}
		{BB70579F-CF97-4D6A-9026-A68E9717AC3C} = {D26A5876-6A75-407C-A750-464D2C3EA893}
		{3622E42C-D6E8-4F79-A96B-FABDE0478143} = {D26A5876-6A75-407C-A750-464D2C3EA893}
		{49C78892-ADC3-4F29-BE91-DEBBC5540F7D} = {EBD7E94B-678D-4DAA-BF83-374545E56CCA}
		{D029A9BA-78AC-45CD-A3B4-346CC5D1737D} = {49C78892-ADC3-4F29-BE91-DEBBC5540F7D}
		{00A85FBD-0DAD-4A61-AA02-2EAED824B802} = {49C78892-ADC3-4F29-BE91-DEBBC5540F7D}
		{CC5A8C63-AEC1-4BF6-9349-FCA6C749401D} = {EBD7E94B-678D-4DAA-BF83-374545E56CCA}
		{745DD358-CDC7-4687-83F0-CA92C219F8AD} = {CC5A8C63-AEC1-4BF6-9349-FCA6C749401D}
		{A0870DE9-3280-4730-90CE-5E2C1D2C3F3E} = {CC5A8C63-AEC1-4BF6-9349-FCA6C749401D}
		{FBC3FC16-ADA6-4346-AC4E-2E42A9C043C2} = {EBD7E94B-678D-4DAA-BF83-374545E56CCA}
		{6A3DB2AB-E0CF-448C-B40B-8156015AD2C8} = {FBC3FC16-ADA6-4346-AC4E-2E42A9C043C2}
		{D2401F3A-7ECC-43A1-BE7E-8B0C9CA967A9} = {FBC3FC16-ADA6-4346-AC4E-2E42A9C043C2}
		{CF41F676-95AD-4568-A70B-155770BB63D6} = {EBD7E94B-678D-4DAA-BF83-374545E56CCA}
		{C7D88481-09DA-42AB-B9A2-30663902F19B} = {CF41F676-95AD-4568-A70B-155770BB63D6}
		{76D29AA0-2C0C-416C-88E9-62C3D40A9225} = {CF41F676-95AD-4568-A70B-155770BB63D6}
		{02B0B8BB-891D-4479-B590-641C5116AA1D} = {EBD7E94B-678D-4DAA-BF83-374545E56CCA}
		{90C2EA3B-2313-43AF-B1DF-9185F622ABA5} = {02B0B8BB-891D-4479-B590-641C5116AA1D}
		{922AEFD0-3F2D-4D39-8571-B299D5D70B59} = {02B0B8BB-891D-4479-B590-641C5116AA1D}
		{6EB4C5A5-7099-40F9-A602-01B096D67C42} = {EBD7E94B-678D-4DAA-BF83-374545E56CCA}
		{8EC0B09B-8F8D-4AD5-942F-CA48A810D848} = {6EB4C5A5-7099-40F9-A602-01B096D67C42}
		{1CABA647-A35A-4171-A2A9-99572848AE8C} = {6EB4C5A5-7099-40F9-A602-01B096D67C42}
		{8182BC8A-459F-4836-BF41-4ADF0F00E05C} = {EBD7E94B-678D-4DAA-BF83-374545E56CCA}
		{FD286E4E-9E89-47CC-B6B1-2E37AB9B12C5} = {8182BC8A-459F-4836-BF41-4ADF0F00E05C}
		{3E734E6E-8DC7-4EF0-BB9B-CF2C375D37CC} = {8182BC8A-459F-4836-BF41-4ADF0F00E05C}
	EndGlobalSection
	GlobalSection(ExtensibilityGlobals) = postSolution
		SolutionGuid = {3575BA2E-0C41-49CD-8FBD-7541514C15A7}
		VisualSVNWorkingCopyRoot = .
	EndGlobalSection
EndGlobal
